// !$*UTF8*$!
{
	archiveVersion = 1;
	classes = {
	};
	objectVersion = 46;
	objects = {

/* Begin PBXBuildFile section */
		15A7C17C183EE0CD00E72C7B /* news@2x.png in Resources */ = {isa = PBXBuildFile; fileRef = 15A7C178183EE0CD00E72C7B /* news@2x.png */; };
		15A7C17D183EE0CD00E72C7B /* person@2x.png in Resources */ = {isa = PBXBuildFile; fileRef = 15A7C179183EE0CD00E72C7B /* person@2x.png */; };
		15A7C17E183EE0CD00E72C7B /* searchIcon@2x.png in Resources */ = {isa = PBXBuildFile; fileRef = 15A7C17A183EE0CD00E72C7B /* searchIcon@2x.png */; };
		15A7C17F183EE0CD00E72C7B /* Settings@2x.png in Resources */ = {isa = PBXBuildFile; fileRef = 15A7C17B183EE0CD00E72C7B /* Settings@2x.png */; };
		15A7C183183EE17A00E72C7B /* RestaurantPreviewCell.xib in Resources */ = {isa = PBXBuildFile; fileRef = 15A7C181183EE17A00E72C7B /* RestaurantPreviewCell.xib */; };
		15A7C184183EE17A00E72C7B /* RestaurantPreviewCell.m in Sources */ = {isa = PBXBuildFile; fileRef = 15A7C182183EE17A00E72C7B /* RestaurantPreviewCell.m */; };
		15A7C197183EE42C00E72C7B /* Carne Asada Fries.jpg in Resources */ = {isa = PBXBuildFile; fileRef = 15A7C191183EE42C00E72C7B /* Carne Asada Fries.jpg */; };
		15A7C198183EE42C00E72C7B /* Dino's Chicken and Burgers Restaurant.jpg in Resources */ = {isa = PBXBuildFile; fileRef = 15A7C192183EE42C00E72C7B /* Dino's Chicken and Burgers Restaurant.jpg */; };
		15A7C199183EE42C00E72C7B /* Dino's Chicken and Burgers.jpg in Resources */ = {isa = PBXBuildFile; fileRef = 15A7C193183EE42C00E72C7B /* Dino's Chicken and Burgers.jpg */; };
		15A7C19A183EE42C00E72C7B /* Figueroa Philly Cheese Steak Restaurant.jpg in Resources */ = {isa = PBXBuildFile; fileRef = 15A7C194183EE42C00E72C7B /* Figueroa Philly Cheese Steak Restaurant.jpg */; };
		15A7C19B183EE42C00E72C7B /* Figueroa Philly Cheese Steak.jpg in Resources */ = {isa = PBXBuildFile; fileRef = 15A7C195183EE42C00E72C7B /* Figueroa Philly Cheese Steak.jpg */; };
		15A7C19C183EE42C00E72C7B /* Grilled Shrimp.jpg in Resources */ = {isa = PBXBuildFile; fileRef = 15A7C196183EE42C00E72C7B /* Grilled Shrimp.jpg */; };
		15A7C19E183EE49900E72C7B /* Soowon Galbi KBBQ Restaurant.jpg in Resources */ = {isa = PBXBuildFile; fileRef = 15A7C19D183EE49900E72C7B /* Soowon Galbi KBBQ Restaurant.jpg */; };
		5A10021D183B022200EF907E /* FigueroaPhillyCheese.jpg in Resources */ = {isa = PBXBuildFile; fileRef = 5A10021C183B022200EF907E /* FigueroaPhillyCheese.jpg */; };
		5A1101D5183D8CE100E8D803 /* 1StarSmall.png in Resources */ = {isa = PBXBuildFile; fileRef = 5A1101D0183D8CE100E8D803 /* 1StarSmall.png */; };
		5A1101D6183D8CE100E8D803 /* 2StarsSmall.png in Resources */ = {isa = PBXBuildFile; fileRef = 5A1101D1183D8CE100E8D803 /* 2StarsSmall.png */; };
		5A1101D7183D8CE100E8D803 /* 3StarsSmall.png in Resources */ = {isa = PBXBuildFile; fileRef = 5A1101D2183D8CE100E8D803 /* 3StarsSmall.png */; };
		5A1101D8183D8CE100E8D803 /* 4StarsSmall.png in Resources */ = {isa = PBXBuildFile; fileRef = 5A1101D3183D8CE100E8D803 /* 4StarsSmall.png */; };
		5A1101D9183D8CE100E8D803 /* 5StarsSmall.png in Resources */ = {isa = PBXBuildFile; fileRef = 5A1101D4183D8CE100E8D803 /* 5StarsSmall.png */; };
		5A129150181F280800B0D258 /* Foundation.framework in Frameworks */ = {isa = PBXBuildFile; fileRef = 5A12914F181F280800B0D258 /* Foundation.framework */; };
		5A129152181F280800B0D258 /* CoreGraphics.framework in Frameworks */ = {isa = PBXBuildFile; fileRef = 5A129151181F280800B0D258 /* CoreGraphics.framework */; };
		5A129154181F280800B0D258 /* UIKit.framework in Frameworks */ = {isa = PBXBuildFile; fileRef = 5A129153181F280800B0D258 /* UIKit.framework */; };
		5A12915A181F280800B0D258 /* InfoPlist.strings in Resources */ = {isa = PBXBuildFile; fileRef = 5A129158181F280800B0D258 /* InfoPlist.strings */; };
		5A12915C181F280800B0D258 /* main.m in Sources */ = {isa = PBXBuildFile; fileRef = 5A12915B181F280800B0D258 /* main.m */; };
		5A129160181F280800B0D258 /* AppDelegate.m in Sources */ = {isa = PBXBuildFile; fileRef = 5A12915F181F280800B0D258 /* AppDelegate.m */; };
		5A129166181F280800B0D258 /* ViewController.m in Sources */ = {isa = PBXBuildFile; fileRef = 5A129165181F280800B0D258 /* ViewController.m */; };
		5A129168181F280800B0D258 /* Images.xcassets in Resources */ = {isa = PBXBuildFile; fileRef = 5A129167181F280800B0D258 /* Images.xcassets */; };
		5A12916F181F280800B0D258 /* XCTest.framework in Frameworks */ = {isa = PBXBuildFile; fileRef = 5A12916E181F280800B0D258 /* XCTest.framework */; };
		5A129170181F280800B0D258 /* Foundation.framework in Frameworks */ = {isa = PBXBuildFile; fileRef = 5A12914F181F280800B0D258 /* Foundation.framework */; };
		5A129171181F280800B0D258 /* UIKit.framework in Frameworks */ = {isa = PBXBuildFile; fileRef = 5A129153181F280800B0D258 /* UIKit.framework */; };
		5A129179181F280800B0D258 /* InfoPlist.strings in Resources */ = {isa = PBXBuildFile; fileRef = 5A129177181F280800B0D258 /* InfoPlist.strings */; };
		5A12917B181F280800B0D258 /* iFlavorTests.m in Sources */ = {isa = PBXBuildFile; fileRef = 5A12917A181F280800B0D258 /* iFlavorTests.m */; };
		5A129185181F326800B0D258 /* AreaFood.plist in Resources */ = {isa = PBXBuildFile; fileRef = 5A129184181F326800B0D258 /* AreaFood.plist */; };
		5A129187181F332800B0D258 /* FlavorFood.plist in Resources */ = {isa = PBXBuildFile; fileRef = 5A129186181F332800B0D258 /* FlavorFood.plist */; };
		5A208BBD1820207F0013CB88 /* Flavor.plist in Resources */ = {isa = PBXBuildFile; fileRef = 5A208BBC1820207F0013CB88 /* Flavor.plist */; };
		5A208BC01820211D0013CB88 /* RegisterViewController.m in Sources */ = {isa = PBXBuildFile; fileRef = 5A208BBF1820211D0013CB88 /* RegisterViewController.m */; };
		5A208BC3182034950013CB88 /* TableViewController.m in Sources */ = {isa = PBXBuildFile; fileRef = 5A208BC2182034950013CB88 /* TableViewController.m */; };
		5A21F3FA184E4A17005BF6CF /* AboutViewController.m in Sources */ = {isa = PBXBuildFile; fileRef = 5A21F3F9184E4A17005BF6CF /* AboutViewController.m */; };
		5A21F40B184E9854005BF6CF /* help_me4.jpg in Resources */ = {isa = PBXBuildFile; fileRef = 5A21F403184E9854005BF6CF /* help_me4.jpg */; };
		5A21F40C184E9854005BF6CF /* help_me3.jpg in Resources */ = {isa = PBXBuildFile; fileRef = 5A21F404184E9854005BF6CF /* help_me3.jpg */; };
		5A21F40D184E9854005BF6CF /* help_me2.jpg in Resources */ = {isa = PBXBuildFile; fileRef = 5A21F405184E9854005BF6CF /* help_me2.jpg */; };
		5A21F40E184E9854005BF6CF /* help_me1.jpg in Resources */ = {isa = PBXBuildFile; fileRef = 5A21F406184E9854005BF6CF /* help_me1.jpg */; };
		5A21F40F184E9854005BF6CF /* help_dish1.jpg in Resources */ = {isa = PBXBuildFile; fileRef = 5A21F407184E9854005BF6CF /* help_dish1.jpg */; };
		5A21F410184E9854005BF6CF /* help_restuarant1.jpg in Resources */ = {isa = PBXBuildFile; fileRef = 5A21F408184E9854005BF6CF /* help_restuarant1.jpg */; };
		5A21F411184E9854005BF6CF /* help_search1.jpg in Resources */ = {isa = PBXBuildFile; fileRef = 5A21F409184E9854005BF6CF /* help_search1.jpg */; };
		5A21F412184E9854005BF6CF /* help_home1.jpg in Resources */ = {isa = PBXBuildFile; fileRef = 5A21F40A184E9854005BF6CF /* help_home1.jpg */; };
		5A21F414184E99CD005BF6CF /* guideStart.jpg in Resources */ = {isa = PBXBuildFile; fileRef = 5A21F413184E99CD005BF6CF /* guideStart.jpg */; };
		5A21F468184EAE19005BF6CF /* d1.jpg in Resources */ = {isa = PBXBuildFile; fileRef = 5A21F44D184EAE19005BF6CF /* d1.jpg */; };
		5A21F469184EAE19005BF6CF /* d2.jpg in Resources */ = {isa = PBXBuildFile; fileRef = 5A21F44E184EAE19005BF6CF /* d2.jpg */; };
		5A21F46A184EAE19005BF6CF /* d3.jpg in Resources */ = {isa = PBXBuildFile; fileRef = 5A21F44F184EAE19005BF6CF /* d3.jpg */; };
		5A21F46B184EAE19005BF6CF /* d4.jpg in Resources */ = {isa = PBXBuildFile; fileRef = 5A21F450184EAE19005BF6CF /* d4.jpg */; };
		5A21F46C184EAE19005BF6CF /* d5.jpg in Resources */ = {isa = PBXBuildFile; fileRef = 5A21F451184EAE19005BF6CF /* d5.jpg */; };
		5A21F46D184EAE19005BF6CF /* d6.jpg in Resources */ = {isa = PBXBuildFile; fileRef = 5A21F452184EAE19005BF6CF /* d6.jpg */; };
		5A21F46E184EAE19005BF6CF /* d7.jpg in Resources */ = {isa = PBXBuildFile; fileRef = 5A21F453184EAE19005BF6CF /* d7.jpg */; };
		5A21F46F184EAE19005BF6CF /* Dino's Chicken and Burgers.txt in Resources */ = {isa = PBXBuildFile; fileRef = 5A21F454184EAE19005BF6CF /* Dino's Chicken and Burgers.txt */; };
		5A21F470184EAE19005BF6CF /* f1.jpg in Resources */ = {isa = PBXBuildFile; fileRef = 5A21F456184EAE19005BF6CF /* f1.jpg */; };
		5A21F471184EAE19005BF6CF /* f2.jpg in Resources */ = {isa = PBXBuildFile; fileRef = 5A21F457184EAE19005BF6CF /* f2.jpg */; };
		5A21F472184EAE19005BF6CF /* f3.jpg in Resources */ = {isa = PBXBuildFile; fileRef = 5A21F458184EAE19005BF6CF /* f3.jpg */; };
		5A21F473184EAE19005BF6CF /* f4.jpg in Resources */ = {isa = PBXBuildFile; fileRef = 5A21F459184EAE19005BF6CF /* f4.jpg */; };
		5A21F474184EAE19005BF6CF /* f5.jpg in Resources */ = {isa = PBXBuildFile; fileRef = 5A21F45A184EAE19005BF6CF /* f5.jpg */; };
		5A21F475184EAE19005BF6CF /* Figueroa Philly Cheese.txt in Resources */ = {isa = PBXBuildFile; fileRef = 5A21F45B184EAE19005BF6CF /* Figueroa Philly Cheese.txt */; };
		5A21F476184EAE19005BF6CF /* ms.jpg in Resources */ = {isa = PBXBuildFile; fileRef = 5A21F45C184EAE19005BF6CF /* ms.jpg */; };
		5A21F477184EAE19005BF6CF /* 傲游截图20131118164549.png in Resources */ = {isa = PBXBuildFile; fileRef = 5A21F45D184EAE19005BF6CF /* 傲游截图20131118164549.png */; };
		5A21F478184EAE19005BF6CF /* 傲游截图20131118164613.png in Resources */ = {isa = PBXBuildFile; fileRef = 5A21F45E184EAE19005BF6CF /* 傲游截图20131118164613.png */; };
		5A21F479184EAE19005BF6CF /* 傲游截图20131118164628.png in Resources */ = {isa = PBXBuildFile; fileRef = 5A21F45F184EAE19005BF6CF /* 傲游截图20131118164628.png */; };
		5A21F47A184EAE19005BF6CF /* 傲游截图20131118164702.png in Resources */ = {isa = PBXBuildFile; fileRef = 5A21F460184EAE19005BF6CF /* 傲游截图20131118164702.png */; };
		5A21F47B184EAE19005BF6CF /* s1.jpg in Resources */ = {isa = PBXBuildFile; fileRef = 5A21F462184EAE19005BF6CF /* s1.jpg */; };
		5A21F47C184EAE19005BF6CF /* s2.jpg in Resources */ = {isa = PBXBuildFile; fileRef = 5A21F463184EAE19005BF6CF /* s2.jpg */; };
		5A21F47D184EAE19005BF6CF /* s3.jpg in Resources */ = {isa = PBXBuildFile; fileRef = 5A21F464184EAE19005BF6CF /* s3.jpg */; };
		5A21F47E184EAE19005BF6CF /* s4.jpg in Resources */ = {isa = PBXBuildFile; fileRef = 5A21F465184EAE19005BF6CF /* s4.jpg */; };
		5A21F47F184EAE19005BF6CF /* s5.jpg in Resources */ = {isa = PBXBuildFile; fileRef = 5A21F466184EAE19005BF6CF /* s5.jpg */; };
		5A21F480184EAE19005BF6CF /* Soowon Galbi KBBQ Restaurant.txt in Resources */ = {isa = PBXBuildFile; fileRef = 5A21F467184EAE19005BF6CF /* Soowon Galbi KBBQ Restaurant.txt */; };
		5A2CEC59183CA73600D1B919 /* MeSegmentControl.m in Sources */ = {isa = PBXBuildFile; fileRef = 5A2CEC58183CA73600D1B919 /* MeSegmentControl.m */; };
		5A397AC91839873D001C3454 /* MeViewController.m in Sources */ = {isa = PBXBuildFile; fileRef = 5A397AC81839873D001C3454 /* MeViewController.m */; };
		5A397ACB18398BDC001C3454 /* MeCover.jpg in Resources */ = {isa = PBXBuildFile; fileRef = 5A397ACA18398BDC001C3454 /* MeCover.jpg */; };
		5A397ACE1839A824001C3454 /* MeCell.m in Sources */ = {isa = PBXBuildFile; fileRef = 5A397ACD1839A824001C3454 /* MeCell.m */; };
		5A4217BC1822F27C00A0088E /* HomeViewController.m in Sources */ = {isa = PBXBuildFile; fileRef = 5A4217BB1822F27C00A0088E /* HomeViewController.m */; };
		5A4217BF18233A0D00A0088E /* SettingViewController.m in Sources */ = {isa = PBXBuildFile; fileRef = 5A4217BE18233A0D00A0088E /* SettingViewController.m */; };
		5A4217C218233A9800A0088E /* Main.storyboard in Resources */ = {isa = PBXBuildFile; fileRef = 5A4217C018233A9800A0088E /* Main.storyboard */; };
		5A4217C51823691300A0088E /* Setting.m in Sources */ = {isa = PBXBuildFile; fileRef = 5A4217C41823691300A0088E /* Setting.m */; };
		5A7808B91839BA6F00A26176 /* SearchViewController.m in Sources */ = {isa = PBXBuildFile; fileRef = 5A7808B81839BA6F00A26176 /* SearchViewController.m */; };
		5A826D34183C03920073EB9D /* Dino'sChickenandBurgers.jpg in Resources */ = {isa = PBXBuildFile; fileRef = 5A826D33183C03920073EB9D /* Dino'sChickenandBurgers.jpg */; };
		5A826D36183C03E40073EB9D /* SoowonGalbiKBBQRestaurant.jpg in Resources */ = {isa = PBXBuildFile; fileRef = 5A826D35183C03E40073EB9D /* SoowonGalbiKBBQRestaurant.jpg */; };
		5A82FAFE1830B7090044525B /* HomeCell.m in Sources */ = {isa = PBXBuildFile; fileRef = 5A82FAFD1830B7090044525B /* HomeCell.m */; };
		5ADD353B1845CC2700778958 /* rate.png in Resources */ = {isa = PBXBuildFile; fileRef = 5ADD353A1845CC2700778958 /* rate.png */; };
		5AEA8BFC183EDA35009455ED /* dishesViewController.m in Sources */ = {isa = PBXBuildFile; fileRef = 5AEA8BFB183EDA35009455ED /* dishesViewController.m */; };
		5AEA8C01183EDA44009455ED /* myAnnotation.m in Sources */ = {isa = PBXBuildFile; fileRef = 5AEA8BFE183EDA44009455ED /* myAnnotation.m */; };
		5AEA8C02183EDA44009455ED /* RestaurantViewController.m in Sources */ = {isa = PBXBuildFile; fileRef = 5AEA8C00183EDA44009455ED /* RestaurantViewController.m */; };
		5AFCFCF3184DC5EE0052C498 /* GuideViewController.m in Sources */ = {isa = PBXBuildFile; fileRef = 5AFCFCF2184DC5EE0052C498 /* GuideViewController.m */; };
/* End PBXBuildFile section */

/* Begin PBXContainerItemProxy section */
		5A129172181F280800B0D258 /* PBXContainerItemProxy */ = {
			isa = PBXContainerItemProxy;
			containerPortal = 5A129144181F280700B0D258 /* Project object */;
			proxyType = 1;
			remoteGlobalIDString = 5A12914B181F280800B0D258;
			remoteInfo = iFlavor;
		};
/* End PBXContainerItemProxy section */

/* Begin PBXFileReference section */
		15A7C178183EE0CD00E72C7B /* news@2x.png */ = {isa = PBXFileReference; lastKnownFileType = image.png; path = "news@2x.png"; sourceTree = "<group>"; };
		15A7C179183EE0CD00E72C7B /* person@2x.png */ = {isa = PBXFileReference; lastKnownFileType = image.png; path = "person@2x.png"; sourceTree = "<group>"; };
		15A7C17A183EE0CD00E72C7B /* searchIcon@2x.png */ = {isa = PBXFileReference; lastKnownFileType = image.png; path = "searchIcon@2x.png"; sourceTree = "<group>"; };
		15A7C17B183EE0CD00E72C7B /* Settings@2x.png */ = {isa = PBXFileReference; lastKnownFileType = image.png; path = "Settings@2x.png"; sourceTree = "<group>"; };
		15A7C180183EE17A00E72C7B /* RestaurantPreviewCell.h */ = {isa = PBXFileReference; fileEncoding = 4; lastKnownFileType = sourcecode.c.h; path = RestaurantPreviewCell.h; sourceTree = "<group>"; };
		15A7C181183EE17A00E72C7B /* RestaurantPreviewCell.xib */ = {isa = PBXFileReference; fileEncoding = 4; lastKnownFileType = file.xib; path = RestaurantPreviewCell.xib; sourceTree = "<group>"; };
		15A7C182183EE17A00E72C7B /* RestaurantPreviewCell.m */ = {isa = PBXFileReference; fileEncoding = 4; lastKnownFileType = sourcecode.c.objc; path = RestaurantPreviewCell.m; sourceTree = "<group>"; };
		15A7C191183EE42C00E72C7B /* Carne Asada Fries.jpg */ = {isa = PBXFileReference; lastKnownFileType = image.jpeg; path = "Carne Asada Fries.jpg"; sourceTree = "<group>"; };
		15A7C192183EE42C00E72C7B /* Dino's Chicken and Burgers Restaurant.jpg */ = {isa = PBXFileReference; lastKnownFileType = image.jpeg; path = "Dino's Chicken and Burgers Restaurant.jpg"; sourceTree = "<group>"; };
		15A7C193183EE42C00E72C7B /* Dino's Chicken and Burgers.jpg */ = {isa = PBXFileReference; lastKnownFileType = image.jpeg; path = "Dino's Chicken and Burgers.jpg"; sourceTree = "<group>"; };
		15A7C194183EE42C00E72C7B /* Figueroa Philly Cheese Steak Restaurant.jpg */ = {isa = PBXFileReference; lastKnownFileType = image.jpeg; path = "Figueroa Philly Cheese Steak Restaurant.jpg"; sourceTree = "<group>"; };
		15A7C195183EE42C00E72C7B /* Figueroa Philly Cheese Steak.jpg */ = {isa = PBXFileReference; lastKnownFileType = image.jpeg; path = "Figueroa Philly Cheese Steak.jpg"; sourceTree = "<group>"; };
		15A7C196183EE42C00E72C7B /* Grilled Shrimp.jpg */ = {isa = PBXFileReference; lastKnownFileType = image.jpeg; path = "Grilled Shrimp.jpg"; sourceTree = "<group>"; };
		15A7C19D183EE49900E72C7B /* Soowon Galbi KBBQ Restaurant.jpg */ = {isa = PBXFileReference; lastKnownFileType = image.jpeg; path = "Soowon Galbi KBBQ Restaurant.jpg"; sourceTree = "<group>"; };
		5A10021C183B022200EF907E /* FigueroaPhillyCheese.jpg */ = {isa = PBXFileReference; lastKnownFileType = image.jpeg; path = FigueroaPhillyCheese.jpg; sourceTree = "<group>"; };
		5A1101D0183D8CE100E8D803 /* 1StarSmall.png */ = {isa = PBXFileReference; lastKnownFileType = image.png; path = 1StarSmall.png; sourceTree = "<group>"; };
		5A1101D1183D8CE100E8D803 /* 2StarsSmall.png */ = {isa = PBXFileReference; lastKnownFileType = image.png; path = 2StarsSmall.png; sourceTree = "<group>"; };
		5A1101D2183D8CE100E8D803 /* 3StarsSmall.png */ = {isa = PBXFileReference; lastKnownFileType = image.png; path = 3StarsSmall.png; sourceTree = "<group>"; };
		5A1101D3183D8CE100E8D803 /* 4StarsSmall.png */ = {isa = PBXFileReference; lastKnownFileType = image.png; path = 4StarsSmall.png; sourceTree = "<group>"; };
		5A1101D4183D8CE100E8D803 /* 5StarsSmall.png */ = {isa = PBXFileReference; lastKnownFileType = image.png; path = 5StarsSmall.png; sourceTree = "<group>"; };
		5A12914C181F280800B0D258 /* iFlavor.app */ = {isa = PBXFileReference; explicitFileType = wrapper.application; includeInIndex = 0; path = iFlavor.app; sourceTree = BUILT_PRODUCTS_DIR; };
		5A12914F181F280800B0D258 /* Foundation.framework */ = {isa = PBXFileReference; lastKnownFileType = wrapper.framework; name = Foundation.framework; path = System/Library/Frameworks/Foundation.framework; sourceTree = SDKROOT; };
		5A129151181F280800B0D258 /* CoreGraphics.framework */ = {isa = PBXFileReference; lastKnownFileType = wrapper.framework; name = CoreGraphics.framework; path = System/Library/Frameworks/CoreGraphics.framework; sourceTree = SDKROOT; };
		5A129153181F280800B0D258 /* UIKit.framework */ = {isa = PBXFileReference; lastKnownFileType = wrapper.framework; name = UIKit.framework; path = System/Library/Frameworks/UIKit.framework; sourceTree = SDKROOT; };
		5A129157181F280800B0D258 /* iFlavor-Info.plist */ = {isa = PBXFileReference; lastKnownFileType = text.plist.xml; path = "iFlavor-Info.plist"; sourceTree = "<group>"; };
		5A129159181F280800B0D258 /* en */ = {isa = PBXFileReference; lastKnownFileType = text.plist.strings; name = en; path = en.lproj/InfoPlist.strings; sourceTree = "<group>"; };
		5A12915B181F280800B0D258 /* main.m */ = {isa = PBXFileReference; lastKnownFileType = sourcecode.c.objc; path = main.m; sourceTree = "<group>"; };
		5A12915D181F280800B0D258 /* iFlavor-Prefix.pch */ = {isa = PBXFileReference; lastKnownFileType = sourcecode.c.h; path = "iFlavor-Prefix.pch"; sourceTree = "<group>"; };
		5A12915E181F280800B0D258 /* AppDelegate.h */ = {isa = PBXFileReference; lastKnownFileType = sourcecode.c.h; path = AppDelegate.h; sourceTree = "<group>"; };
		5A12915F181F280800B0D258 /* AppDelegate.m */ = {isa = PBXFileReference; lastKnownFileType = sourcecode.c.objc; path = AppDelegate.m; sourceTree = "<group>"; };
		5A129164181F280800B0D258 /* ViewController.h */ = {isa = PBXFileReference; lastKnownFileType = sourcecode.c.h; path = ViewController.h; sourceTree = "<group>"; };
		5A129165181F280800B0D258 /* ViewController.m */ = {isa = PBXFileReference; lastKnownFileType = sourcecode.c.objc; path = ViewController.m; sourceTree = "<group>"; };
		5A129167181F280800B0D258 /* Images.xcassets */ = {isa = PBXFileReference; lastKnownFileType = folder.assetcatalog; path = Images.xcassets; sourceTree = "<group>"; };
		5A12916D181F280800B0D258 /* iFlavorTests.xctest */ = {isa = PBXFileReference; explicitFileType = wrapper.cfbundle; includeInIndex = 0; path = iFlavorTests.xctest; sourceTree = BUILT_PRODUCTS_DIR; };
		5A12916E181F280800B0D258 /* XCTest.framework */ = {isa = PBXFileReference; lastKnownFileType = wrapper.framework; name = XCTest.framework; path = Library/Frameworks/XCTest.framework; sourceTree = DEVELOPER_DIR; };
		5A129176181F280800B0D258 /* iFlavorTests-Info.plist */ = {isa = PBXFileReference; lastKnownFileType = text.plist.xml; path = "iFlavorTests-Info.plist"; sourceTree = "<group>"; };
		5A129178181F280800B0D258 /* en */ = {isa = PBXFileReference; lastKnownFileType = text.plist.strings; name = en; path = en.lproj/InfoPlist.strings; sourceTree = "<group>"; };
		5A12917A181F280800B0D258 /* iFlavorTests.m */ = {isa = PBXFileReference; lastKnownFileType = sourcecode.c.objc; path = iFlavorTests.m; sourceTree = "<group>"; };
		5A129184181F326800B0D258 /* AreaFood.plist */ = {isa = PBXFileReference; fileEncoding = 4; lastKnownFileType = text.plist.xml; path = AreaFood.plist; sourceTree = "<group>"; };
		5A129186181F332800B0D258 /* FlavorFood.plist */ = {isa = PBXFileReference; fileEncoding = 4; lastKnownFileType = text.plist.xml; path = FlavorFood.plist; sourceTree = "<group>"; };
		5A208BBC1820207F0013CB88 /* Flavor.plist */ = {isa = PBXFileReference; fileEncoding = 4; lastKnownFileType = text.plist.xml; path = Flavor.plist; sourceTree = "<group>"; };
		5A208BBE1820211D0013CB88 /* RegisterViewController.h */ = {isa = PBXFileReference; fileEncoding = 4; lastKnownFileType = sourcecode.c.h; path = RegisterViewController.h; sourceTree = "<group>"; };
		5A208BBF1820211D0013CB88 /* RegisterViewController.m */ = {isa = PBXFileReference; fileEncoding = 4; lastKnownFileType = sourcecode.c.objc; path = RegisterViewController.m; sourceTree = "<group>"; };
		5A208BC1182034950013CB88 /* TableViewController.h */ = {isa = PBXFileReference; fileEncoding = 4; lastKnownFileType = sourcecode.c.h; path = TableViewController.h; sourceTree = "<group>"; };
		5A208BC2182034950013CB88 /* TableViewController.m */ = {isa = PBXFileReference; fileEncoding = 4; lastKnownFileType = sourcecode.c.objc; path = TableViewController.m; sourceTree = "<group>"; };
		5A21F3F8184E4A17005BF6CF /* AboutViewController.h */ = {isa = PBXFileReference; fileEncoding = 4; lastKnownFileType = sourcecode.c.h; path = AboutViewController.h; sourceTree = "<group>"; };
		5A21F3F9184E4A17005BF6CF /* AboutViewController.m */ = {isa = PBXFileReference; fileEncoding = 4; lastKnownFileType = sourcecode.c.objc; path = AboutViewController.m; sourceTree = "<group>"; };
		5A21F403184E9854005BF6CF /* help_me4.jpg */ = {isa = PBXFileReference; lastKnownFileType = image.jpeg; path = help_me4.jpg; sourceTree = "<group>"; };
		5A21F404184E9854005BF6CF /* help_me3.jpg */ = {isa = PBXFileReference; lastKnownFileType = image.jpeg; path = help_me3.jpg; sourceTree = "<group>"; };
		5A21F405184E9854005BF6CF /* help_me2.jpg */ = {isa = PBXFileReference; lastKnownFileType = image.jpeg; path = help_me2.jpg; sourceTree = "<group>"; };
		5A21F406184E9854005BF6CF /* help_me1.jpg */ = {isa = PBXFileReference; lastKnownFileType = image.jpeg; path = help_me1.jpg; sourceTree = "<group>"; };
		5A21F407184E9854005BF6CF /* help_dish1.jpg */ = {isa = PBXFileReference; lastKnownFileType = image.jpeg; path = help_dish1.jpg; sourceTree = "<group>"; };
		5A21F408184E9854005BF6CF /* help_restuarant1.jpg */ = {isa = PBXFileReference; lastKnownFileType = image.jpeg; path = help_restuarant1.jpg; sourceTree = "<group>"; };
		5A21F409184E9854005BF6CF /* help_search1.jpg */ = {isa = PBXFileReference; lastKnownFileType = image.jpeg; path = help_search1.jpg; sourceTree = "<group>"; };
		5A21F40A184E9854005BF6CF /* help_home1.jpg */ = {isa = PBXFileReference; lastKnownFileType = image.jpeg; path = help_home1.jpg; sourceTree = "<group>"; };
		5A21F413184E99CD005BF6CF /* guideStart.jpg */ = {isa = PBXFileReference; lastKnownFileType = image.jpeg; path = guideStart.jpg; sourceTree = "<group>"; };
		5A21F44D184EAE19005BF6CF /* d1.jpg */ = {isa = PBXFileReference; lastKnownFileType = image.jpeg; path = d1.jpg; sourceTree = "<group>"; };
		5A21F44E184EAE19005BF6CF /* d2.jpg */ = {isa = PBXFileReference; lastKnownFileType = image.jpeg; path = d2.jpg; sourceTree = "<group>"; };
		5A21F44F184EAE19005BF6CF /* d3.jpg */ = {isa = PBXFileReference; lastKnownFileType = image.jpeg; path = d3.jpg; sourceTree = "<group>"; };
		5A21F450184EAE19005BF6CF /* d4.jpg */ = {isa = PBXFileReference; lastKnownFileType = image.jpeg; path = d4.jpg; sourceTree = "<group>"; };
		5A21F451184EAE19005BF6CF /* d5.jpg */ = {isa = PBXFileReference; lastKnownFileType = image.jpeg; path = d5.jpg; sourceTree = "<group>"; };
		5A21F452184EAE19005BF6CF /* d6.jpg */ = {isa = PBXFileReference; lastKnownFileType = image.jpeg; path = d6.jpg; sourceTree = "<group>"; };
		5A21F453184EAE19005BF6CF /* d7.jpg */ = {isa = PBXFileReference; lastKnownFileType = image.jpeg; path = d7.jpg; sourceTree = "<group>"; };
		5A21F454184EAE19005BF6CF /* Dino's Chicken and Burgers.txt */ = {isa = PBXFileReference; fileEncoding = 4; lastKnownFileType = text; path = "Dino's Chicken and Burgers.txt"; sourceTree = "<group>"; };
		5A21F456184EAE19005BF6CF /* f1.jpg */ = {isa = PBXFileReference; lastKnownFileType = image.jpeg; path = f1.jpg; sourceTree = "<group>"; };
		5A21F457184EAE19005BF6CF /* f2.jpg */ = {isa = PBXFileReference; lastKnownFileType = image.jpeg; path = f2.jpg; sourceTree = "<group>"; };
		5A21F458184EAE19005BF6CF /* f3.jpg */ = {isa = PBXFileReference; lastKnownFileType = image.jpeg; path = f3.jpg; sourceTree = "<group>"; };
		5A21F459184EAE19005BF6CF /* f4.jpg */ = {isa = PBXFileReference; lastKnownFileType = image.jpeg; path = f4.jpg; sourceTree = "<group>"; };
		5A21F45A184EAE19005BF6CF /* f5.jpg */ = {isa = PBXFileReference; lastKnownFileType = image.jpeg; path = f5.jpg; sourceTree = "<group>"; };
		5A21F45B184EAE19005BF6CF /* Figueroa Philly Cheese.txt */ = {isa = PBXFileReference; fileEncoding = 4; lastKnownFileType = text; path = "Figueroa Philly Cheese.txt"; sourceTree = "<group>"; };
		5A21F45C184EAE19005BF6CF /* ms.jpg */ = {isa = PBXFileReference; lastKnownFileType = image.jpeg; path = ms.jpg; sourceTree = "<group>"; };
		5A21F45D184EAE19005BF6CF /* 傲游截图20131118164549.png */ = {isa = PBXFileReference; lastKnownFileType = image.png; path = "傲游截图20131118164549.png"; sourceTree = "<group>"; };
		5A21F45E184EAE19005BF6CF /* 傲游截图20131118164613.png */ = {isa = PBXFileReference; lastKnownFileType = image.png; path = "傲游截图20131118164613.png"; sourceTree = "<group>"; };
		5A21F45F184EAE19005BF6CF /* 傲游截图20131118164628.png */ = {isa = PBXFileReference; lastKnownFileType = image.png; path = "傲游截图20131118164628.png"; sourceTree = "<group>"; };
		5A21F460184EAE19005BF6CF /* 傲游截图20131118164702.png */ = {isa = PBXFileReference; lastKnownFileType = image.png; path = "傲游截图20131118164702.png"; sourceTree = "<group>"; };
		5A21F462184EAE19005BF6CF /* s1.jpg */ = {isa = PBXFileReference; lastKnownFileType = image.jpeg; path = s1.jpg; sourceTree = "<group>"; };
		5A21F463184EAE19005BF6CF /* s2.jpg */ = {isa = PBXFileReference; lastKnownFileType = image.jpeg; path = s2.jpg; sourceTree = "<group>"; };
		5A21F464184EAE19005BF6CF /* s3.jpg */ = {isa = PBXFileReference; lastKnownFileType = image.jpeg; path = s3.jpg; sourceTree = "<group>"; };
		5A21F465184EAE19005BF6CF /* s4.jpg */ = {isa = PBXFileReference; lastKnownFileType = image.jpeg; path = s4.jpg; sourceTree = "<group>"; };
		5A21F466184EAE19005BF6CF /* s5.jpg */ = {isa = PBXFileReference; lastKnownFileType = image.jpeg; path = s5.jpg; sourceTree = "<group>"; };
		5A21F467184EAE19005BF6CF /* Soowon Galbi KBBQ Restaurant.txt */ = {isa = PBXFileReference; fileEncoding = 4; lastKnownFileType = text; path = "Soowon Galbi KBBQ Restaurant.txt"; sourceTree = "<group>"; };
		5A2CEC57183CA73600D1B919 /* MeSegmentControl.h */ = {isa = PBXFileReference; fileEncoding = 4; lastKnownFileType = sourcecode.c.h; path = MeSegmentControl.h; sourceTree = "<group>"; };
		5A2CEC58183CA73600D1B919 /* MeSegmentControl.m */ = {isa = PBXFileReference; fileEncoding = 4; lastKnownFileType = sourcecode.c.objc; path = MeSegmentControl.m; sourceTree = "<group>"; };
		5A397AC71839873D001C3454 /* MeViewController.h */ = {isa = PBXFileReference; fileEncoding = 4; lastKnownFileType = sourcecode.c.h; path = MeViewController.h; sourceTree = "<group>"; };
		5A397AC81839873D001C3454 /* MeViewController.m */ = {isa = PBXFileReference; fileEncoding = 4; lastKnownFileType = sourcecode.c.objc; path = MeViewController.m; sourceTree = "<group>"; };
		5A397ACA18398BDC001C3454 /* MeCover.jpg */ = {isa = PBXFileReference; lastKnownFileType = image.jpeg; path = MeCover.jpg; sourceTree = "<group>"; };
		5A397ACC1839A824001C3454 /* MeCell.h */ = {isa = PBXFileReference; fileEncoding = 4; lastKnownFileType = sourcecode.c.h; path = MeCell.h; sourceTree = "<group>"; };
		5A397ACD1839A824001C3454 /* MeCell.m */ = {isa = PBXFileReference; fileEncoding = 4; lastKnownFileType = sourcecode.c.objc; path = MeCell.m; sourceTree = "<group>"; };
		5A4217BA1822F27C00A0088E /* HomeViewController.h */ = {isa = PBXFileReference; fileEncoding = 4; lastKnownFileType = sourcecode.c.h; path = HomeViewController.h; sourceTree = "<group>"; };
		5A4217BB1822F27C00A0088E /* HomeViewController.m */ = {isa = PBXFileReference; fileEncoding = 4; lastKnownFileType = sourcecode.c.objc; path = HomeViewController.m; sourceTree = "<group>"; };
		5A4217BD18233A0D00A0088E /* SettingViewController.h */ = {isa = PBXFileReference; fileEncoding = 4; lastKnownFileType = sourcecode.c.h; path = SettingViewController.h; sourceTree = "<group>"; };
		5A4217BE18233A0D00A0088E /* SettingViewController.m */ = {isa = PBXFileReference; fileEncoding = 4; lastKnownFileType = sourcecode.c.objc; path = SettingViewController.m; sourceTree = "<group>"; };
		5A4217C118233A9800A0088E /* Base */ = {isa = PBXFileReference; lastKnownFileType = file.storyboard; name = Base; path = Base.lproj/Main.storyboard; sourceTree = "<group>"; };
		5A4217C31823691300A0088E /* Setting.h */ = {isa = PBXFileReference; fileEncoding = 4; lastKnownFileType = sourcecode.c.h; path = Setting.h; sourceTree = "<group>"; };
		5A4217C41823691300A0088E /* Setting.m */ = {isa = PBXFileReference; fileEncoding = 4; lastKnownFileType = sourcecode.c.objc; path = Setting.m; sourceTree = "<group>"; };
		5A7808B71839BA6F00A26176 /* SearchViewController.h */ = {isa = PBXFileReference; fileEncoding = 4; lastKnownFileType = sourcecode.c.h; path = SearchViewController.h; sourceTree = "<group>"; };
		5A7808B81839BA6F00A26176 /* SearchViewController.m */ = {isa = PBXFileReference; fileEncoding = 4; lastKnownFileType = sourcecode.c.objc; path = SearchViewController.m; sourceTree = "<group>"; };
		5A826D33183C03920073EB9D /* Dino'sChickenandBurgers.jpg */ = {isa = PBXFileReference; lastKnownFileType = image.jpeg; path = "Dino'sChickenandBurgers.jpg"; sourceTree = "<group>"; };
		5A826D35183C03E40073EB9D /* SoowonGalbiKBBQRestaurant.jpg */ = {isa = PBXFileReference; lastKnownFileType = image.jpeg; path = SoowonGalbiKBBQRestaurant.jpg; sourceTree = "<group>"; };
		5A82FAFC1830B7090044525B /* HomeCell.h */ = {isa = PBXFileReference; fileEncoding = 4; lastKnownFileType = sourcecode.c.h; path = HomeCell.h; sourceTree = "<group>"; };
		5A82FAFD1830B7090044525B /* HomeCell.m */ = {isa = PBXFileReference; fileEncoding = 4; lastKnownFileType = sourcecode.c.objc; path = HomeCell.m; sourceTree = "<group>"; };
		5ADD353A1845CC2700778958 /* rate.png */ = {isa = PBXFileReference; lastKnownFileType = image.png; path = rate.png; sourceTree = "<group>"; };
		5AEA8BFA183EDA35009455ED /* dishesViewController.h */ = {isa = PBXFileReference; fileEncoding = 4; lastKnownFileType = sourcecode.c.h; path = dishesViewController.h; sourceTree = "<group>"; };
		5AEA8BFB183EDA35009455ED /* dishesViewController.m */ = {isa = PBXFileReference; fileEncoding = 4; lastKnownFileType = sourcecode.c.objc; path = dishesViewController.m; sourceTree = "<group>"; };
		5AEA8BFD183EDA44009455ED /* myAnnotation.h */ = {isa = PBXFileReference; fileEncoding = 4; lastKnownFileType = sourcecode.c.h; path = myAnnotation.h; sourceTree = "<group>"; };
		5AEA8BFE183EDA44009455ED /* myAnnotation.m */ = {isa = PBXFileReference; fileEncoding = 4; lastKnownFileType = sourcecode.c.objc; path = myAnnotation.m; sourceTree = "<group>"; };
		5AEA8BFF183EDA44009455ED /* RestaurantViewController.h */ = {isa = PBXFileReference; fileEncoding = 4; lastKnownFileType = sourcecode.c.h; path = RestaurantViewController.h; sourceTree = "<group>"; };
		5AEA8C00183EDA44009455ED /* RestaurantViewController.m */ = {isa = PBXFileReference; fileEncoding = 4; lastKnownFileType = sourcecode.c.objc; path = RestaurantViewController.m; sourceTree = "<group>"; };
		5AFCFCF1184DC5EE0052C498 /* GuideViewController.h */ = {isa = PBXFileReference; fileEncoding = 4; lastKnownFileType = sourcecode.c.h; path = GuideViewController.h; sourceTree = "<group>"; };
		5AFCFCF2184DC5EE0052C498 /* GuideViewController.m */ = {isa = PBXFileReference; fileEncoding = 4; lastKnownFileType = sourcecode.c.objc; path = GuideViewController.m; sourceTree = "<group>"; };
/* End PBXFileReference section */

/* Begin PBXFrameworksBuildPhase section */
		5A129149181F280800B0D258 /* Frameworks */ = {
			isa = PBXFrameworksBuildPhase;
			buildActionMask = 2147483647;
			files = (
				5A129152181F280800B0D258 /* CoreGraphics.framework in Frameworks */,
				5A129154181F280800B0D258 /* UIKit.framework in Frameworks */,
				5A129150181F280800B0D258 /* Foundation.framework in Frameworks */,
			);
			runOnlyForDeploymentPostprocessing = 0;
		};
		5A12916A181F280800B0D258 /* Frameworks */ = {
			isa = PBXFrameworksBuildPhase;
			buildActionMask = 2147483647;
			files = (
				5A12916F181F280800B0D258 /* XCTest.framework in Frameworks */,
				5A129171181F280800B0D258 /* UIKit.framework in Frameworks */,
				5A129170181F280800B0D258 /* Foundation.framework in Frameworks */,
			);
			runOnlyForDeploymentPostprocessing = 0;
		};
/* End PBXFrameworksBuildPhase section */

/* Begin PBXGroup section */
		5A129143181F280700B0D258 = {
			isa = PBXGroup;
			children = (
				5A129155181F280800B0D258 /* iFlavor */,
				5A129174181F280800B0D258 /* iFlavorTests */,
				5A12914E181F280800B0D258 /* Frameworks */,
				5A12914D181F280800B0D258 /* Products */,
			);
			sourceTree = "<group>";
		};
		5A12914D181F280800B0D258 /* Products */ = {
			isa = PBXGroup;
			children = (
				5A12914C181F280800B0D258 /* iFlavor.app */,
				5A12916D181F280800B0D258 /* iFlavorTests.xctest */,
			);
			name = Products;
			sourceTree = "<group>";
		};
		5A12914E181F280800B0D258 /* Frameworks */ = {
			isa = PBXGroup;
			children = (
				5A12914F181F280800B0D258 /* Foundation.framework */,
				5A129151181F280800B0D258 /* CoreGraphics.framework */,
				5A129153181F280800B0D258 /* UIKit.framework */,
				5A12916E181F280800B0D258 /* XCTest.framework */,
			);
			name = Frameworks;
			sourceTree = "<group>";
		};
		5A129155181F280800B0D258 /* iFlavor */ = {
			isa = PBXGroup;
			children = (
				5AEA8BFD183EDA44009455ED /* myAnnotation.h */,
				5AEA8BFE183EDA44009455ED /* myAnnotation.m */,
				5AEA8BFF183EDA44009455ED /* RestaurantViewController.h */,
				5AEA8C00183EDA44009455ED /* RestaurantViewController.m */,
				5AEA8BFA183EDA35009455ED /* dishesViewController.h */,
				5AEA8BFB183EDA35009455ED /* dishesViewController.m */,
				5A4217C31823691300A0088E /* Setting.h */,
				5A4217C41823691300A0088E /* Setting.m */,
				5A12915E181F280800B0D258 /* AppDelegate.h */,
				5A12915F181F280800B0D258 /* AppDelegate.m */,
				5A4217C018233A9800A0088E /* Main.storyboard */,
				5A21F3F8184E4A17005BF6CF /* AboutViewController.h */,
				5A21F3F9184E4A17005BF6CF /* AboutViewController.m */,
				5AFCFCF1184DC5EE0052C498 /* GuideViewController.h */,
				5AFCFCF2184DC5EE0052C498 /* GuideViewController.m */,
				5A129164181F280800B0D258 /* ViewController.h */,
				5A129165181F280800B0D258 /* ViewController.m */,
				5A208BBE1820211D0013CB88 /* RegisterViewController.h */,
				5A208BBF1820211D0013CB88 /* RegisterViewController.m */,
				5A208BC1182034950013CB88 /* TableViewController.h */,
				5A208BC2182034950013CB88 /* TableViewController.m */,
				5A397AC71839873D001C3454 /* MeViewController.h */,
				5A397AC81839873D001C3454 /* MeViewController.m */,
				5A4217BA1822F27C00A0088E /* HomeViewController.h */,
				5A4217BB1822F27C00A0088E /* HomeViewController.m */,
				5A2CEC57183CA73600D1B919 /* MeSegmentControl.h */,
				5A2CEC58183CA73600D1B919 /* MeSegmentControl.m */,
				5A397ACC1839A824001C3454 /* MeCell.h */,
				5A397ACD1839A824001C3454 /* MeCell.m */,
				5A82FAFC1830B7090044525B /* HomeCell.h */,
				5A82FAFD1830B7090044525B /* HomeCell.m */,
				5A4217BD18233A0D00A0088E /* SettingViewController.h */,
				5A4217BE18233A0D00A0088E /* SettingViewController.m */,
				5A7808B71839BA6F00A26176 /* SearchViewController.h */,
				5A7808B81839BA6F00A26176 /* SearchViewController.m */,
				15A7C180183EE17A00E72C7B /* RestaurantPreviewCell.h */,
				15A7C182183EE17A00E72C7B /* RestaurantPreviewCell.m */,
				15A7C181183EE17A00E72C7B /* RestaurantPreviewCell.xib */,
				5A129167181F280800B0D258 /* Images.xcassets */,
				5A129156181F280800B0D258 /* Supporting Files */,
			);
			path = iFlavor;
			sourceTree = "<group>";
		};
		5A129156181F280800B0D258 /* Supporting Files */ = {
			isa = PBXGroup;
			children = (
				5A21F413184E99CD005BF6CF /* guideStart.jpg */,
				5A1101D0183D8CE100E8D803 /* 1StarSmall.png */,
				5A1101D1183D8CE100E8D803 /* 2StarsSmall.png */,
				15A7C191183EE42C00E72C7B /* Carne Asada Fries.jpg */,
				15A7C192183EE42C00E72C7B /* Dino's Chicken and Burgers Restaurant.jpg */,
				5A21F44B184EAE19005BF6CF /* 588 */,
				15A7C193183EE42C00E72C7B /* Dino's Chicken and Burgers.jpg */,
				15A7C194183EE42C00E72C7B /* Figueroa Philly Cheese Steak Restaurant.jpg */,
				15A7C195183EE42C00E72C7B /* Figueroa Philly Cheese Steak.jpg */,
				5ADD353A1845CC2700778958 /* rate.png */,
				15A7C196183EE42C00E72C7B /* Grilled Shrimp.jpg */,
				15A7C178183EE0CD00E72C7B /* news@2x.png */,
				15A7C179183EE0CD00E72C7B /* person@2x.png */,
				5A21F403184E9854005BF6CF /* help_me4.jpg */,
				5A21F404184E9854005BF6CF /* help_me3.jpg */,
				5A21F405184E9854005BF6CF /* help_me2.jpg */,
				5A21F406184E9854005BF6CF /* help_me1.jpg */,
				5A21F407184E9854005BF6CF /* help_dish1.jpg */,
				5A21F408184E9854005BF6CF /* help_restuarant1.jpg */,
				5A21F409184E9854005BF6CF /* help_search1.jpg */,
				5A21F40A184E9854005BF6CF /* help_home1.jpg */,
				15A7C17A183EE0CD00E72C7B /* searchIcon@2x.png */,
				15A7C17B183EE0CD00E72C7B /* Settings@2x.png */,
				15A7C19D183EE49900E72C7B /* Soowon Galbi KBBQ Restaurant.jpg */,
				5A1101D2183D8CE100E8D803 /* 3StarsSmall.png */,
				5A1101D3183D8CE100E8D803 /* 4StarsSmall.png */,
				5A1101D4183D8CE100E8D803 /* 5StarsSmall.png */,
				5A826D35183C03E40073EB9D /* SoowonGalbiKBBQRestaurant.jpg */,
				5A826D33183C03920073EB9D /* Dino'sChickenandBurgers.jpg */,
				5A10021C183B022200EF907E /* FigueroaPhillyCheese.jpg */,
				5A129157181F280800B0D258 /* iFlavor-Info.plist */,
				5A397ACA18398BDC001C3454 /* MeCover.jpg */,
				5A129158181F280800B0D258 /* InfoPlist.strings */,
				5A12915B181F280800B0D258 /* main.m */,
				5A12915D181F280800B0D258 /* iFlavor-Prefix.pch */,
				5A129184181F326800B0D258 /* AreaFood.plist */,
				5A129186181F332800B0D258 /* FlavorFood.plist */,
				5A208BBC1820207F0013CB88 /* Flavor.plist */,
			);
			name = "Supporting Files";
			sourceTree = "<group>";
		};
		5A129174181F280800B0D258 /* iFlavorTests */ = {
			isa = PBXGroup;
			children = (
				5A12917A181F280800B0D258 /* iFlavorTests.m */,
				5A129175181F280800B0D258 /* Supporting Files */,
			);
			path = iFlavorTests;
			sourceTree = "<group>";
		};
		5A129175181F280800B0D258 /* Supporting Files */ = {
			isa = PBXGroup;
			children = (
				5A129176181F280800B0D258 /* iFlavorTests-Info.plist */,
				5A129177181F280800B0D258 /* InfoPlist.strings */,
			);
			name = "Supporting Files";
			sourceTree = "<group>";
		};
		5A21F44B184EAE19005BF6CF /* 588 */ = {
			isa = PBXGroup;
			children = (
				5A21F44C184EAE19005BF6CF /* Dino's Chicken and Burgers */,
				5A21F455184EAE19005BF6CF /* Figueroa Philly Cheese Steak */,
				5A21F461184EAE19005BF6CF /* Soowon Galbi KBBQ Restaurant */,
			);
			path = 588;
			sourceTree = "<group>";
		};
		5A21F44C184EAE19005BF6CF /* Dino's Chicken and Burgers */ = {
			isa = PBXGroup;
			children = (
				5A21F44D184EAE19005BF6CF /* d1.jpg */,
				5A21F44E184EAE19005BF6CF /* d2.jpg */,
				5A21F44F184EAE19005BF6CF /* d3.jpg */,
				5A21F450184EAE19005BF6CF /* d4.jpg */,
				5A21F451184EAE19005BF6CF /* d5.jpg */,
				5A21F452184EAE19005BF6CF /* d6.jpg */,
				5A21F453184EAE19005BF6CF /* d7.jpg */,
				5A21F454184EAE19005BF6CF /* Dino's Chicken and Burgers.txt */,
			);
			path = "Dino's Chicken and Burgers";
			sourceTree = "<group>";
		};
		5A21F455184EAE19005BF6CF /* Figueroa Philly Cheese Steak */ = {
			isa = PBXGroup;
			children = (
				5A21F456184EAE19005BF6CF /* f1.jpg */,
				5A21F457184EAE19005BF6CF /* f2.jpg */,
				5A21F458184EAE19005BF6CF /* f3.jpg */,
				5A21F459184EAE19005BF6CF /* f4.jpg */,
				5A21F45A184EAE19005BF6CF /* f5.jpg */,
				5A21F45B184EAE19005BF6CF /* Figueroa Philly Cheese.txt */,
				5A21F45C184EAE19005BF6CF /* ms.jpg */,
				5A21F45D184EAE19005BF6CF /* 傲游截图20131118164549.png */,
				5A21F45E184EAE19005BF6CF /* 傲游截图20131118164613.png */,
				5A21F45F184EAE19005BF6CF /* 傲游截图20131118164628.png */,
				5A21F460184EAE19005BF6CF /* 傲游截图20131118164702.png */,
			);
			path = "Figueroa Philly Cheese Steak";
			sourceTree = "<group>";
		};
		5A21F461184EAE19005BF6CF /* Soowon Galbi KBBQ Restaurant */ = {
			isa = PBXGroup;
			children = (
				5A21F462184EAE19005BF6CF /* s1.jpg */,
				5A21F463184EAE19005BF6CF /* s2.jpg */,
				5A21F464184EAE19005BF6CF /* s3.jpg */,
				5A21F465184EAE19005BF6CF /* s4.jpg */,
				5A21F466184EAE19005BF6CF /* s5.jpg */,
				5A21F467184EAE19005BF6CF /* Soowon Galbi KBBQ Restaurant.txt */,
			);
			path = "Soowon Galbi KBBQ Restaurant";
			sourceTree = "<group>";
		};
/* End PBXGroup section */

/* Begin PBXNativeTarget section */
		5A12914B181F280800B0D258 /* iFlavor */ = {
			isa = PBXNativeTarget;
			buildConfigurationList = 5A12917E181F280800B0D258 /* Build configuration list for PBXNativeTarget "iFlavor" */;
			buildPhases = (
				5A129148181F280800B0D258 /* Sources */,
				5A129149181F280800B0D258 /* Frameworks */,
				5A12914A181F280800B0D258 /* Resources */,
			);
			buildRules = (
			);
			dependencies = (
			);
			name = iFlavor;
			productName = iFlavor;
			productReference = 5A12914C181F280800B0D258 /* iFlavor.app */;
			productType = "com.apple.product-type.application";
		};
		5A12916C181F280800B0D258 /* iFlavorTests */ = {
			isa = PBXNativeTarget;
			buildConfigurationList = 5A129181181F280800B0D258 /* Build configuration list for PBXNativeTarget "iFlavorTests" */;
			buildPhases = (
				5A129169181F280800B0D258 /* Sources */,
				5A12916A181F280800B0D258 /* Frameworks */,
				5A12916B181F280800B0D258 /* Resources */,
			);
			buildRules = (
			);
			dependencies = (
				5A129173181F280800B0D258 /* PBXTargetDependency */,
			);
			name = iFlavorTests;
			productName = iFlavorTests;
			productReference = 5A12916D181F280800B0D258 /* iFlavorTests.xctest */;
			productType = "com.apple.product-type.bundle.unit-test";
		};
/* End PBXNativeTarget section */

/* Begin PBXProject section */
		5A129144181F280700B0D258 /* Project object */ = {
			isa = PBXProject;
			attributes = {
				LastUpgradeCheck = 0500;
				ORGANIZATIONNAME = "Toma Ju";
				TargetAttributes = {
					5A12916C181F280800B0D258 = {
						TestTargetID = 5A12914B181F280800B0D258;
					};
				};
			};
			buildConfigurationList = 5A129147181F280700B0D258 /* Build configuration list for PBXProject "iFlavor" */;
			compatibilityVersion = "Xcode 3.2";
			developmentRegion = English;
			hasScannedForEncodings = 0;
			knownRegions = (
				en,
				Base,
			);
			mainGroup = 5A129143181F280700B0D258;
			productRefGroup = 5A12914D181F280800B0D258 /* Products */;
			projectDirPath = "";
			projectRoot = "";
			targets = (
				5A12914B181F280800B0D258 /* iFlavor */,
				5A12916C181F280800B0D258 /* iFlavorTests */,
			);
		};
/* End PBXProject section */

/* Begin PBXResourcesBuildPhase section */
		5A12914A181F280800B0D258 /* Resources */ = {
			isa = PBXResourcesBuildPhase;
			buildActionMask = 2147483647;
			files = (
				5A21F47E184EAE19005BF6CF /* s4.jpg in Resources */,
				5A1101D8183D8CE100E8D803 /* 4StarsSmall.png in Resources */,
				5A10021D183B022200EF907E /* FigueroaPhillyCheese.jpg in Resources */,
				5A397ACB18398BDC001C3454 /* MeCover.jpg in Resources */,
				5A21F478184EAE19005BF6CF /* 傲游截图20131118164613.png in Resources */,
				15A7C199183EE42C00E72C7B /* Dino's Chicken and Burgers.jpg in Resources */,
				15A7C17E183EE0CD00E72C7B /* searchIcon@2x.png in Resources */,
				5A1101D6183D8CE100E8D803 /* 2StarsSmall.png in Resources */,
				5A21F475184EAE19005BF6CF /* Figueroa Philly Cheese.txt in Resources */,
				5A21F473184EAE19005BF6CF /* f4.jpg in Resources */,
				5A21F471184EAE19005BF6CF /* f2.jpg in Resources */,
				5A21F46B184EAE19005BF6CF /* d4.jpg in Resources */,
				5A21F40E184E9854005BF6CF /* help_me1.jpg in Resources */,
				5A21F46E184EAE19005BF6CF /* d7.jpg in Resources */,
				15A7C183183EE17A00E72C7B /* RestaurantPreviewCell.xib in Resources */,
				5A21F476184EAE19005BF6CF /* ms.jpg in Resources */,
				15A7C19B183EE42C00E72C7B /* Figueroa Philly Cheese Steak.jpg in Resources */,
				5A21F411184E9854005BF6CF /* help_search1.jpg in Resources */,
				15A7C19E183EE49900E72C7B /* Soowon Galbi KBBQ Restaurant.jpg in Resources */,
				5A129168181F280800B0D258 /* Images.xcassets in Resources */,
				5A21F468184EAE19005BF6CF /* d1.jpg in Resources */,
				5A21F47C184EAE19005BF6CF /* s2.jpg in Resources */,
				15A7C17C183EE0CD00E72C7B /* news@2x.png in Resources */,
				5ADD353B1845CC2700778958 /* rate.png in Resources */,
				5A1101D9183D8CE100E8D803 /* 5StarsSmall.png in Resources */,
				5A129187181F332800B0D258 /* FlavorFood.plist in Resources */,
				5A21F40C184E9854005BF6CF /* help_me3.jpg in Resources */,
				15A7C197183EE42C00E72C7B /* Carne Asada Fries.jpg in Resources */,
				15A7C19A183EE42C00E72C7B /* Figueroa Philly Cheese Steak Restaurant.jpg in Resources */,
				5A21F46A184EAE19005BF6CF /* d3.jpg in Resources */,
				5A21F46D184EAE19005BF6CF /* d6.jpg in Resources */,
				5A21F47D184EAE19005BF6CF /* s3.jpg in Resources */,
				5A21F470184EAE19005BF6CF /* f1.jpg in Resources */,
				5A21F47B184EAE19005BF6CF /* s1.jpg in Resources */,
				5A208BBD1820207F0013CB88 /* Flavor.plist in Resources */,
				15A7C17D183EE0CD00E72C7B /* person@2x.png in Resources */,
				5A1101D7183D8CE100E8D803 /* 3StarsSmall.png in Resources */,
				5A1101D5183D8CE100E8D803 /* 1StarSmall.png in Resources */,
				5A21F472184EAE19005BF6CF /* f3.jpg in Resources */,
				5A21F46C184EAE19005BF6CF /* d5.jpg in Resources */,
				5A21F412184E9854005BF6CF /* help_home1.jpg in Resources */,
				5A4217C218233A9800A0088E /* Main.storyboard in Resources */,
				5A21F469184EAE19005BF6CF /* d2.jpg in Resources */,
				5A21F40D184E9854005BF6CF /* help_me2.jpg in Resources */,
				5A21F40B184E9854005BF6CF /* help_me4.jpg in Resources */,
				5A129185181F326800B0D258 /* AreaFood.plist in Resources */,
				5A21F40F184E9854005BF6CF /* help_dish1.jpg in Resources */,
				5A21F474184EAE19005BF6CF /* f5.jpg in Resources */,
				5A21F46F184EAE19005BF6CF /* Dino's Chicken and Burgers.txt in Resources */,
				5A12915A181F280800B0D258 /* InfoPlist.strings in Resources */,
				15A7C19C183EE42C00E72C7B /* Grilled Shrimp.jpg in Resources */,
				5A21F477184EAE19005BF6CF /* 傲游截图20131118164549.png in Resources */,
				5A21F480184EAE19005BF6CF /* Soowon Galbi KBBQ Restaurant.txt in Resources */,
				5A21F47A184EAE19005BF6CF /* 傲游截图20131118164702.png in Resources */,
				5A826D34183C03920073EB9D /* Dino'sChickenandBurgers.jpg in Resources */,
				15A7C198183EE42C00E72C7B /* Dino's Chicken and Burgers Restaurant.jpg in Resources */,
				5A21F47F184EAE19005BF6CF /* s5.jpg in Resources */,
				15A7C17F183EE0CD00E72C7B /* Settings@2x.png in Resources */,
				5A21F479184EAE19005BF6CF /* 傲游截图20131118164628.png in Resources */,
				5A826D36183C03E40073EB9D /* SoowonGalbiKBBQRestaurant.jpg in Resources */,
				5A21F414184E99CD005BF6CF /* guideStart.jpg in Resources */,
				5A21F410184E9854005BF6CF /* help_restuarant1.jpg in Resources */,
			);
			runOnlyForDeploymentPostprocessing = 0;
		};
		5A12916B181F280800B0D258 /* Resources */ = {
			isa = PBXResourcesBuildPhase;
			buildActionMask = 2147483647;
			files = (
				5A129179181F280800B0D258 /* InfoPlist.strings in Resources */,
			);
			runOnlyForDeploymentPostprocessing = 0;
		};
/* End PBXResourcesBuildPhase section */

/* Begin PBXSourcesBuildPhase section */
		5A129148181F280800B0D258 /* Sources */ = {
			isa = PBXSourcesBuildPhase;
			buildActionMask = 2147483647;
			files = (
				5A2CEC59183CA73600D1B919 /* MeSegmentControl.m in Sources */,
				5AEA8C01183EDA44009455ED /* myAnnotation.m in Sources */,
				5A397ACE1839A824001C3454 /* MeCell.m in Sources */,
				5A129166181F280800B0D258 /* ViewController.m in Sources */,
				15A7C184183EE17A00E72C7B /* RestaurantPreviewCell.m in Sources */,
				5A129160181F280800B0D258 /* AppDelegate.m in Sources */,
				5A4217C51823691300A0088E /* Setting.m in Sources */,
				5A82FAFE1830B7090044525B /* HomeCell.m in Sources */,
				5A397AC91839873D001C3454 /* MeViewController.m in Sources */,
				5A12915C181F280800B0D258 /* main.m in Sources */,
				5A4217BF18233A0D00A0088E /* SettingViewController.m in Sources */,
				5A208BC3182034950013CB88 /* TableViewController.m in Sources */,
				5A208BC01820211D0013CB88 /* RegisterViewController.m in Sources */,
				5A21F3FA184E4A17005BF6CF /* AboutViewController.m in Sources */,
				5A7808B91839BA6F00A26176 /* SearchViewController.m in Sources */,
				5AEA8C02183EDA44009455ED /* RestaurantViewController.m in Sources */,
				5AEA8BFC183EDA35009455ED /* dishesViewController.m in Sources */,
				5A4217BC1822F27C00A0088E /* HomeViewController.m in Sources */,
				5AFCFCF3184DC5EE0052C498 /* GuideViewController.m in Sources */,
			);
			runOnlyForDeploymentPostprocessing = 0;
		};
		5A129169181F280800B0D258 /* Sources */ = {
			isa = PBXSourcesBuildPhase;
			buildActionMask = 2147483647;
			files = (
				5A12917B181F280800B0D258 /* iFlavorTests.m in Sources */,
			);
			runOnlyForDeploymentPostprocessing = 0;
		};
/* End PBXSourcesBuildPhase section */

/* Begin PBXTargetDependency section */
		5A129173181F280800B0D258 /* PBXTargetDependency */ = {
			isa = PBXTargetDependency;
			target = 5A12914B181F280800B0D258 /* iFlavor */;
			targetProxy = 5A129172181F280800B0D258 /* PBXContainerItemProxy */;
		};
/* End PBXTargetDependency section */

/* Begin PBXVariantGroup section */
		5A129158181F280800B0D258 /* InfoPlist.strings */ = {
			isa = PBXVariantGroup;
			children = (
				5A129159181F280800B0D258 /* en */,
			);
			name = InfoPlist.strings;
			sourceTree = "<group>";
		};
		5A129177181F280800B0D258 /* InfoPlist.strings */ = {
			isa = PBXVariantGroup;
			children = (
				5A129178181F280800B0D258 /* en */,
			);
			name = InfoPlist.strings;
			sourceTree = "<group>";
		};
		5A4217C018233A9800A0088E /* Main.storyboard */ = {
			isa = PBXVariantGroup;
			children = (
				5A4217C118233A9800A0088E /* Base */,
			);
			name = Main.storyboard;
			sourceTree = "<group>";
		};
/* End PBXVariantGroup section */

/* Begin XCBuildConfiguration section */
		5A12917C181F280800B0D258 /* Debug */ = {
			isa = XCBuildConfiguration;
			buildSettings = {
				ALWAYS_SEARCH_USER_PATHS = NO;
				ARCHS = "$(ARCHS_STANDARD_INCLUDING_64_BIT)";
				CLANG_CXX_LANGUAGE_STANDARD = "gnu++0x";
				CLANG_CXX_LIBRARY = "libc++";
				CLANG_ENABLE_MODULES = YES;
				CLANG_ENABLE_OBJC_ARC = YES;
				CLANG_WARN_BOOL_CONVERSION = YES;
				CLANG_WARN_CONSTANT_CONVERSION = YES;
				CLANG_WARN_DIRECT_OBJC_ISA_USAGE = YES_ERROR;
				CLANG_WARN_EMPTY_BODY = YES;
				CLANG_WARN_ENUM_CONVERSION = YES;
				CLANG_WARN_INT_CONVERSION = YES;
				CLANG_WARN_OBJC_ROOT_CLASS = YES_ERROR;
				CLANG_WARN__DUPLICATE_METHOD_MATCH = YES;
				"CODE_SIGN_IDENTITY[sdk=iphoneos*]" = "iPhone Developer";
				COPY_PHASE_STRIP = NO;
				GCC_C_LANGUAGE_STANDARD = gnu99;
				GCC_DYNAMIC_NO_PIC = NO;
				GCC_OPTIMIZATION_LEVEL = 0;
				GCC_PREPROCESSOR_DEFINITIONS = (
					"DEBUG=1",
					"$(inherited)",
				);
				GCC_SYMBOLS_PRIVATE_EXTERN = NO;
				GCC_WARN_64_TO_32_BIT_CONVERSION = YES;
				GCC_WARN_ABOUT_RETURN_TYPE = YES_ERROR;
				GCC_WARN_UNDECLARED_SELECTOR = YES;
				GCC_WARN_UNINITIALIZED_AUTOS = YES;
				GCC_WARN_UNUSED_FUNCTION = YES;
				GCC_WARN_UNUSED_VARIABLE = YES;
				IPHONEOS_DEPLOYMENT_TARGET = 7.0;
				ONLY_ACTIVE_ARCH = YES;
				SDKROOT = iphoneos;
			};
			name = Debug;
		};
		5A12917D181F280800B0D258 /* Release */ = {
			isa = XCBuildConfiguration;
			buildSettings = {
				ALWAYS_SEARCH_USER_PATHS = NO;
				ARCHS = "$(ARCHS_STANDARD_INCLUDING_64_BIT)";
				CLANG_CXX_LANGUAGE_STANDARD = "gnu++0x";
				CLANG_CXX_LIBRARY = "libc++";
				CLANG_ENABLE_MODULES = YES;
				CLANG_ENABLE_OBJC_ARC = YES;
				CLANG_WARN_BOOL_CONVERSION = YES;
				CLANG_WARN_CONSTANT_CONVERSION = YES;
				CLANG_WARN_DIRECT_OBJC_ISA_USAGE = YES_ERROR;
				CLANG_WARN_EMPTY_BODY = YES;
				CLANG_WARN_ENUM_CONVERSION = YES;
				CLANG_WARN_INT_CONVERSION = YES;
				CLANG_WARN_OBJC_ROOT_CLASS = YES_ERROR;
				CLANG_WARN__DUPLICATE_METHOD_MATCH = YES;
				"CODE_SIGN_IDENTITY[sdk=iphoneos*]" = "iPhone Developer";
				COPY_PHASE_STRIP = YES;
				ENABLE_NS_ASSERTIONS = NO;
				GCC_C_LANGUAGE_STANDARD = gnu99;
				GCC_WARN_64_TO_32_BIT_CONVERSION = YES;
				GCC_WARN_ABOUT_RETURN_TYPE = YES_ERROR;
				GCC_WARN_UNDECLARED_SELECTOR = YES;
				GCC_WARN_UNINITIALIZED_AUTOS = YES;
				GCC_WARN_UNUSED_FUNCTION = YES;
				GCC_WARN_UNUSED_VARIABLE = YES;
				IPHONEOS_DEPLOYMENT_TARGET = 7.0;
				SDKROOT = iphoneos;
				VALIDATE_PRODUCT = YES;
			};
			name = Release;
		};
		5A12917F181F280800B0D258 /* Debug */ = {
			isa = XCBuildConfiguration;
			buildSettings = {
				ASSETCATALOG_COMPILER_APPICON_NAME = AppIcon;
				ASSETCATALOG_COMPILER_LAUNCHIMAGE_NAME = LaunchImage;
				GCC_PRECOMPILE_PREFIX_HEADER = YES;
				GCC_PREFIX_HEADER = "iFlavor/iFlavor-Prefix.pch";
				INFOPLIST_FILE = "iFlavor/iFlavor-Info.plist";
				PRODUCT_NAME = "$(TARGET_NAME)";
				WRAPPER_EXTENSION = app;
			};
			name = Debug;
		};
		5A129180181F280800B0D258 /* Release */ = {
			isa = XCBuildConfiguration;
			buildSettings = {
				ASSETCATALOG_COMPILER_APPICON_NAME = AppIcon;
				ASSETCATALOG_COMPILER_LAUNCHIMAGE_NAME = LaunchImage;
				GCC_PRECOMPILE_PREFIX_HEADER = YES;
				GCC_PREFIX_HEADER = "iFlavor/iFlavor-Prefix.pch";
				INFOPLIST_FILE = "iFlavor/iFlavor-Info.plist";
				PRODUCT_NAME = "$(TARGET_NAME)";
				WRAPPER_EXTENSION = app;
			};
			name = Release;
		};
		5A129182181F280800B0D258 /* Debug */ = {
			isa = XCBuildConfiguration;
			buildSettings = {
				ARCHS = "$(ARCHS_STANDARD_INCLUDING_64_BIT)";
				BUNDLE_LOADER = "$(BUILT_PRODUCTS_DIR)/iFlavor.app/iFlavor";
				FRAMEWORK_SEARCH_PATHS = (
					"$(SDKROOT)/Developer/Library/Frameworks",
					"$(inherited)",
					"$(DEVELOPER_FRAMEWORKS_DIR)",
				);
				GCC_PRECOMPILE_PREFIX_HEADER = YES;
				GCC_PREFIX_HEADER = "iFlavor/iFlavor-Prefix.pch";
				GCC_PREPROCESSOR_DEFINITIONS = (
					"DEBUG=1",
					"$(inherited)",
				);
				INFOPLIST_FILE = "iFlavorTests/iFlavorTests-Info.plist";
				PRODUCT_NAME = "$(TARGET_NAME)";
				TEST_HOST = "$(BUNDLE_LOADER)";
				WRAPPER_EXTENSION = xctest;
			};
			name = Debug;
		};
		5A129183181F280800B0D258 /* Release */ = {
			isa = XCBuildConfiguration;
			buildSettings = {
				ARCHS = "$(ARCHS_STANDARD_INCLUDING_64_BIT)";
				BUNDLE_LOADER = "$(BUILT_PRODUCTS_DIR)/iFlavor.app/iFlavor";
				FRAMEWORK_SEARCH_PATHS = (
					"$(SDKROOT)/Developer/Library/Frameworks",
					"$(inherited)",
					"$(DEVELOPER_FRAMEWORKS_DIR)",
				);
				GCC_PRECOMPILE_PREFIX_HEADER = YES;
				GCC_PREFIX_HEADER = "iFlavor/iFlavor-Prefix.pch";
				INFOPLIST_FILE = "iFlavorTests/iFlavorTests-Info.plist";
				PRODUCT_NAME = "$(TARGET_NAME)";
				TEST_HOST = "$(BUNDLE_LOADER)";
				WRAPPER_EXTENSION = xctest;
			};
			name = Release;
		};
/* End XCBuildConfiguration section */

/* Begin XCConfigurationList section */
		5A129147181F280700B0D258 /* Build configuration list for PBXProject "iFlavor" */ = {
			isa = XCConfigurationList;
			buildConfigurations = (
				5A12917C181F280800B0D258 /* Debug */,
				5A12917D181F280800B0D258 /* Release */,
			);
			defaultConfigurationIsVisible = 0;
			defaultConfigurationName = Release;
		};
		5A12917E181F280800B0D258 /* Build configuration list for PBXNativeTarget "iFlavor" */ = {
			isa = XCConfigurationList;
			buildConfigurations = (
				5A12917F181F280800B0D258 /* Debug */,
				5A129180181F280800B0D258 /* Release */,
			);
			defaultConfigurationIsVisible = 0;
			defaultConfigurationName = Release;
		};
		5A129181181F280800B0D258 /* Build configuration list for PBXNativeTarget "iFlavorTests" */ = {
			isa = XCConfigurationList;
			buildConfigurations = (
				5A129182181F280800B0D258 /* Debug */,
				5A129183181F280800B0D258 /* Release */,
			);
			defaultConfigurationIsVisible = 0;
			defaultConfigurationName = Release;
		};
/* End XCConfigurationList section */
	};
	rootObject = 5A129144181F280700B0D258 /* Project object */;
}
