// !$*UTF8*$!
{
	archiveVersion = 1;
	classes = {
	};
	objectVersion = 46;
	objects = {

/* Begin PBXBuildFile section */
		0C868A37183E3DC000D54896 /* RestaurantViewController.m in Sources */ = {isa = PBXBuildFile; fileRef = 0C868A36183E3DC000D54896 /* RestaurantViewController.m */; };
		0C868A55183E3ED300D54896 /* d1.jpg in Resources */ = {isa = PBXBuildFile; fileRef = 0C868A3A183E3ED300D54896 /* d1.jpg */; };
		0C868A56183E3ED300D54896 /* d2.jpg in Resources */ = {isa = PBXBuildFile; fileRef = 0C868A3B183E3ED300D54896 /* d2.jpg */; };
		0C868A57183E3ED300D54896 /* d3.jpg in Resources */ = {isa = PBXBuildFile; fileRef = 0C868A3C183E3ED300D54896 /* d3.jpg */; };
		0C868A58183E3ED300D54896 /* d4.jpg in Resources */ = {isa = PBXBuildFile; fileRef = 0C868A3D183E3ED300D54896 /* d4.jpg */; };
		0C868A59183E3ED300D54896 /* d5.jpg in Resources */ = {isa = PBXBuildFile; fileRef = 0C868A3E183E3ED300D54896 /* d5.jpg */; };
		0C868A5A183E3ED300D54896 /* d6.jpg in Resources */ = {isa = PBXBuildFile; fileRef = 0C868A3F183E3ED300D54896 /* d6.jpg */; };
		0C868A5B183E3ED300D54896 /* d7.jpg in Resources */ = {isa = PBXBuildFile; fileRef = 0C868A40183E3ED300D54896 /* d7.jpg */; };
		0C868A5C183E3ED300D54896 /* Dino's Chicken and Burgers.txt in Resources */ = {isa = PBXBuildFile; fileRef = 0C868A41183E3ED300D54896 /* Dino's Chicken and Burgers.txt */; };
		0C868A5D183E3ED300D54896 /* f1.jpg in Resources */ = {isa = PBXBuildFile; fileRef = 0C868A43183E3ED300D54896 /* f1.jpg */; };
		0C868A5E183E3ED300D54896 /* f2.jpg in Resources */ = {isa = PBXBuildFile; fileRef = 0C868A44183E3ED300D54896 /* f2.jpg */; };
		0C868A5F183E3ED300D54896 /* f3.jpg in Resources */ = {isa = PBXBuildFile; fileRef = 0C868A45183E3ED300D54896 /* f3.jpg */; };
		0C868A60183E3ED300D54896 /* f4.jpg in Resources */ = {isa = PBXBuildFile; fileRef = 0C868A46183E3ED300D54896 /* f4.jpg */; };
		0C868A61183E3ED300D54896 /* f5.jpg in Resources */ = {isa = PBXBuildFile; fileRef = 0C868A47183E3ED300D54896 /* f5.jpg */; };
		0C868A62183E3ED300D54896 /* Figueroa Philly Cheese.txt in Resources */ = {isa = PBXBuildFile; fileRef = 0C868A48183E3ED300D54896 /* Figueroa Philly Cheese.txt */; };
		0C868A63183E3ED300D54896 /* ms.jpg in Resources */ = {isa = PBXBuildFile; fileRef = 0C868A49183E3ED300D54896 /* ms.jpg */; };
		0C868A64183E3ED300D54896 /* 傲游截图20131118164549.png in Resources */ = {isa = PBXBuildFile; fileRef = 0C868A4A183E3ED300D54896 /* 傲游截图20131118164549.png */; };
		0C868A65183E3ED300D54896 /* 傲游截图20131118164613.png in Resources */ = {isa = PBXBuildFile; fileRef = 0C868A4B183E3ED300D54896 /* 傲游截图20131118164613.png */; };
		0C868A66183E3ED300D54896 /* 傲游截图20131118164628.png in Resources */ = {isa = PBXBuildFile; fileRef = 0C868A4C183E3ED300D54896 /* 傲游截图20131118164628.png */; };
		0C868A67183E3ED300D54896 /* 傲游截图20131118164702.png in Resources */ = {isa = PBXBuildFile; fileRef = 0C868A4D183E3ED300D54896 /* 傲游截图20131118164702.png */; };
		0C868A68183E3ED300D54896 /* s1.jpg in Resources */ = {isa = PBXBuildFile; fileRef = 0C868A4F183E3ED300D54896 /* s1.jpg */; };
		0C868A69183E3ED300D54896 /* s2.jpg in Resources */ = {isa = PBXBuildFile; fileRef = 0C868A50183E3ED300D54896 /* s2.jpg */; };
		0C868A6A183E3ED300D54896 /* s3.jpg in Resources */ = {isa = PBXBuildFile; fileRef = 0C868A51183E3ED300D54896 /* s3.jpg */; };
		0C868A6B183E3ED300D54896 /* s4.jpg in Resources */ = {isa = PBXBuildFile; fileRef = 0C868A52183E3ED300D54896 /* s4.jpg */; };
		0C868A6C183E3ED300D54896 /* s5.jpg in Resources */ = {isa = PBXBuildFile; fileRef = 0C868A53183E3ED300D54896 /* s5.jpg */; };
		0C868A6D183E3ED300D54896 /* Soowon Galbi KBBQ Restaurant.txt in Resources */ = {isa = PBXBuildFile; fileRef = 0C868A54183E3ED300D54896 /* Soowon Galbi KBBQ Restaurant.txt */; };
		0C868A6F183E401500D54896 /* MapKit.framework in Frameworks */ = {isa = PBXBuildFile; fileRef = 0C868A6E183E401500D54896 /* MapKit.framework */; };
		0C868A72183E40ED00D54896 /* myAnnotation.m in Sources */ = {isa = PBXBuildFile; fileRef = 0C868A71183E40ED00D54896 /* myAnnotation.m */; };
		0C868A75183E460000D54896 /* dishesViewController.m in Sources */ = {isa = PBXBuildFile; fileRef = 0C868A74183E460000D54896 /* dishesViewController.m */; };
		5A10021D183B022200EF907E /* FigueroaPhillyCheese.jpg in Resources */ = {isa = PBXBuildFile; fileRef = 5A10021C183B022200EF907E /* FigueroaPhillyCheese.jpg */; };
		5A1101D5183D8CE100E8D803 /* 1StarSmall.png in Resources */ = {isa = PBXBuildFile; fileRef = 5A1101D0183D8CE100E8D803 /* 1StarSmall.png */; };
		5A1101D6183D8CE100E8D803 /* 2StarsSmall.png in Resources */ = {isa = PBXBuildFile; fileRef = 5A1101D1183D8CE100E8D803 /* 2StarsSmall.png */; };
		5A1101D7183D8CE100E8D803 /* 3StarsSmall.png in Resources */ = {isa = PBXBuildFile; fileRef = 5A1101D2183D8CE100E8D803 /* 3StarsSmall.png */; };
		5A1101D8183D8CE100E8D803 /* 4StarsSmall.png in Resources */ = {isa = PBXBuildFile; fileRef = 5A1101D3183D8CE100E8D803 /* 4StarsSmall.png */; };
		5A1101D9183D8CE100E8D803 /* 5StarsSmall.png in Resources */ = {isa = PBXBuildFile; fileRef = 5A1101D4183D8CE100E8D803 /* 5StarsSmall.png */; };
		5A129150181F280800B0D258 /* Foundation.framework in Frameworks */ = {isa = PBXBuildFile; fileRef = 5A12914F181F280800B0D258 /* Foundation.framework */; };
		5A129152181F280800B0D258 /* CoreGraphics.framework in Frameworks */ = {isa = PBXBuildFile; fileRef = 5A129151181F280800B0D258 /* CoreGraphics.framework */; };
		5A129154181F280800B0D258 /* UIKit.framework in Frameworks */ = {isa = PBXBuildFile; fileRef = 5A129153181F280800B0D258 /* UIKit.framework */; };
		5A12915A181F280800B0D258 /* InfoPlist.strings in Resources */ = {isa = PBXBuildFile; fileRef = 5A129158181F280800B0D258 /* InfoPlist.strings */; };
		5A12915C181F280800B0D258 /* main.m in Sources */ = {isa = PBXBuildFile; fileRef = 5A12915B181F280800B0D258 /* main.m */; };
		5A129160181F280800B0D258 /* AppDelegate.m in Sources */ = {isa = PBXBuildFile; fileRef = 5A12915F181F280800B0D258 /* AppDelegate.m */; };
		5A129166181F280800B0D258 /* ViewController.m in Sources */ = {isa = PBXBuildFile; fileRef = 5A129165181F280800B0D258 /* ViewController.m */; };
		5A129168181F280800B0D258 /* Images.xcassets in Resources */ = {isa = PBXBuildFile; fileRef = 5A129167181F280800B0D258 /* Images.xcassets */; };
		5A12916F181F280800B0D258 /* XCTest.framework in Frameworks */ = {isa = PBXBuildFile; fileRef = 5A12916E181F280800B0D258 /* XCTest.framework */; };
		5A129170181F280800B0D258 /* Foundation.framework in Frameworks */ = {isa = PBXBuildFile; fileRef = 5A12914F181F280800B0D258 /* Foundation.framework */; };
		5A129171181F280800B0D258 /* UIKit.framework in Frameworks */ = {isa = PBXBuildFile; fileRef = 5A129153181F280800B0D258 /* UIKit.framework */; };
		5A129179181F280800B0D258 /* InfoPlist.strings in Resources */ = {isa = PBXBuildFile; fileRef = 5A129177181F280800B0D258 /* InfoPlist.strings */; };
		5A12917B181F280800B0D258 /* iFlavorTests.m in Sources */ = {isa = PBXBuildFile; fileRef = 5A12917A181F280800B0D258 /* iFlavorTests.m */; };
		5A129185181F326800B0D258 /* AreaFood.plist in Resources */ = {isa = PBXBuildFile; fileRef = 5A129184181F326800B0D258 /* AreaFood.plist */; };
		5A129187181F332800B0D258 /* FlavorFood.plist in Resources */ = {isa = PBXBuildFile; fileRef = 5A129186181F332800B0D258 /* FlavorFood.plist */; };
		5A208BBD1820207F0013CB88 /* Flavor.plist in Resources */ = {isa = PBXBuildFile; fileRef = 5A208BBC1820207F0013CB88 /* Flavor.plist */; };
		5A208BC01820211D0013CB88 /* RegisterViewController.m in Sources */ = {isa = PBXBuildFile; fileRef = 5A208BBF1820211D0013CB88 /* RegisterViewController.m */; };
		5A208BC3182034950013CB88 /* TableViewController.m in Sources */ = {isa = PBXBuildFile; fileRef = 5A208BC2182034950013CB88 /* TableViewController.m */; };
		5A2CEC59183CA73600D1B919 /* MeSegmentControl.m in Sources */ = {isa = PBXBuildFile; fileRef = 5A2CEC58183CA73600D1B919 /* MeSegmentControl.m */; };
		5A397AC91839873D001C3454 /* MeViewController.m in Sources */ = {isa = PBXBuildFile; fileRef = 5A397AC81839873D001C3454 /* MeViewController.m */; };
		5A397ACB18398BDC001C3454 /* MeCover.jpg in Resources */ = {isa = PBXBuildFile; fileRef = 5A397ACA18398BDC001C3454 /* MeCover.jpg */; };
		5A397ACE1839A824001C3454 /* MeCell.m in Sources */ = {isa = PBXBuildFile; fileRef = 5A397ACD1839A824001C3454 /* MeCell.m */; };
		5A4217BC1822F27C00A0088E /* HomeViewController.m in Sources */ = {isa = PBXBuildFile; fileRef = 5A4217BB1822F27C00A0088E /* HomeViewController.m */; };
		5A4217BF18233A0D00A0088E /* SettingViewController.m in Sources */ = {isa = PBXBuildFile; fileRef = 5A4217BE18233A0D00A0088E /* SettingViewController.m */; };
		5A4217C218233A9800A0088E /* Main.storyboard in Resources */ = {isa = PBXBuildFile; fileRef = 5A4217C018233A9800A0088E /* Main.storyboard */; };
		5A4217C51823691300A0088E /* Setting.m in Sources */ = {isa = PBXBuildFile; fileRef = 5A4217C41823691300A0088E /* Setting.m */; };
		5A7808B91839BA6F00A26176 /* SearchViewController.m in Sources */ = {isa = PBXBuildFile; fileRef = 5A7808B81839BA6F00A26176 /* SearchViewController.m */; };
		5A826D34183C03920073EB9D /* Dino'sChickenandBurgers.jpg in Resources */ = {isa = PBXBuildFile; fileRef = 5A826D33183C03920073EB9D /* Dino'sChickenandBurgers.jpg */; };
		5A826D36183C03E40073EB9D /* SoowonGalbiKBBQRestaurant.jpg in Resources */ = {isa = PBXBuildFile; fileRef = 5A826D35183C03E40073EB9D /* SoowonGalbiKBBQRestaurant.jpg */; };
		5A82FAFE1830B7090044525B /* HomeCell.m in Sources */ = {isa = PBXBuildFile; fileRef = 5A82FAFD1830B7090044525B /* HomeCell.m */; };
/* End PBXBuildFile section */

/* Begin PBXContainerItemProxy section */
		5A129172181F280800B0D258 /* PBXContainerItemProxy */ = {
			isa = PBXContainerItemProxy;
			containerPortal = 5A129144181F280700B0D258 /* Project object */;
			proxyType = 1;
			remoteGlobalIDString = 5A12914B181F280800B0D258;
			remoteInfo = iFlavor;
		};
/* End PBXContainerItemProxy section */

/* Begin PBXFileReference section */
		0C868A35183E3DC000D54896 /* RestaurantViewController.h */ = {isa = PBXFileReference; fileEncoding = 4; lastKnownFileType = sourcecode.c.h; path = RestaurantViewController.h; sourceTree = "<group>"; };
		0C868A36183E3DC000D54896 /* RestaurantViewController.m */ = {isa = PBXFileReference; fileEncoding = 4; lastKnownFileType = sourcecode.c.objc; path = RestaurantViewController.m; sourceTree = "<group>"; };
		0C868A3A183E3ED300D54896 /* d1.jpg */ = {isa = PBXFileReference; lastKnownFileType = image.jpeg; path = d1.jpg; sourceTree = "<group>"; };
		0C868A3B183E3ED300D54896 /* d2.jpg */ = {isa = PBXFileReference; lastKnownFileType = image.jpeg; path = d2.jpg; sourceTree = "<group>"; };
		0C868A3C183E3ED300D54896 /* d3.jpg */ = {isa = PBXFileReference; lastKnownFileType = image.jpeg; path = d3.jpg; sourceTree = "<group>"; };
		0C868A3D183E3ED300D54896 /* d4.jpg */ = {isa = PBXFileReference; lastKnownFileType = image.jpeg; path = d4.jpg; sourceTree = "<group>"; };
		0C868A3E183E3ED300D54896 /* d5.jpg */ = {isa = PBXFileReference; lastKnownFileType = image.jpeg; path = d5.jpg; sourceTree = "<group>"; };
		0C868A3F183E3ED300D54896 /* d6.jpg */ = {isa = PBXFileReference; lastKnownFileType = image.jpeg; path = d6.jpg; sourceTree = "<group>"; };
		0C868A40183E3ED300D54896 /* d7.jpg */ = {isa = PBXFileReference; lastKnownFileType = image.jpeg; path = d7.jpg; sourceTree = "<group>"; };
		0C868A41183E3ED300D54896 /* Dino's Chicken and Burgers.txt */ = {isa = PBXFileReference; fileEncoding = 4; lastKnownFileType = text; path = "Dino's Chicken and Burgers.txt"; sourceTree = "<group>"; };
		0C868A43183E3ED300D54896 /* f1.jpg */ = {isa = PBXFileReference; lastKnownFileType = image.jpeg; path = f1.jpg; sourceTree = "<group>"; };
		0C868A44183E3ED300D54896 /* f2.jpg */ = {isa = PBXFileReference; lastKnownFileType = image.jpeg; path = f2.jpg; sourceTree = "<group>"; };
		0C868A45183E3ED300D54896 /* f3.jpg */ = {isa = PBXFileReference; lastKnownFileType = image.jpeg; path = f3.jpg; sourceTree = "<group>"; };
		0C868A46183E3ED300D54896 /* f4.jpg */ = {isa = PBXFileReference; lastKnownFileType = image.jpeg; path = f4.jpg; sourceTree = "<group>"; };
		0C868A47183E3ED300D54896 /* f5.jpg */ = {isa = PBXFileReference; lastKnownFileType = image.jpeg; path = f5.jpg; sourceTree = "<group>"; };
		0C868A48183E3ED300D54896 /* Figueroa Philly Cheese.txt */ = {isa = PBXFileReference; fileEncoding = 4; lastKnownFileType = text; path = "Figueroa Philly Cheese.txt"; sourceTree = "<group>"; };
		0C868A49183E3ED300D54896 /* ms.jpg */ = {isa = PBXFileReference; lastKnownFileType = image.jpeg; path = ms.jpg; sourceTree = "<group>"; };
		0C868A4A183E3ED300D54896 /* 傲游截图20131118164549.png */ = {isa = PBXFileReference; lastKnownFileType = image.png; path = "傲游截图20131118164549.png"; sourceTree = "<group>"; };
		0C868A4B183E3ED300D54896 /* 傲游截图20131118164613.png */ = {isa = PBXFileReference; lastKnownFileType = image.png; path = "傲游截图20131118164613.png"; sourceTree = "<group>"; };
		0C868A4C183E3ED300D54896 /* 傲游截图20131118164628.png */ = {isa = PBXFileReference; lastKnownFileType = image.png; path = "傲游截图20131118164628.png"; sourceTree = "<group>"; };
		0C868A4D183E3ED300D54896 /* 傲游截图20131118164702.png */ = {isa = PBXFileReference; lastKnownFileType = image.png; path = "傲游截图20131118164702.png"; sourceTree = "<group>"; };
		0C868A4F183E3ED300D54896 /* s1.jpg */ = {isa = PBXFileReference; lastKnownFileType = image.jpeg; path = s1.jpg; sourceTree = "<group>"; };
		0C868A50183E3ED300D54896 /* s2.jpg */ = {isa = PBXFileReference; lastKnownFileType = image.jpeg; path = s2.jpg; sourceTree = "<group>"; };
		0C868A51183E3ED300D54896 /* s3.jpg */ = {isa = PBXFileReference; lastKnownFileType = image.jpeg; path = s3.jpg; sourceTree = "<group>"; };
		0C868A52183E3ED300D54896 /* s4.jpg */ = {isa = PBXFileReference; lastKnownFileType = image.jpeg; path = s4.jpg; sourceTree = "<group>"; };
		0C868A53183E3ED300D54896 /* s5.jpg */ = {isa = PBXFileReference; lastKnownFileType = image.jpeg; path = s5.jpg; sourceTree = "<group>"; };
		0C868A54183E3ED300D54896 /* Soowon Galbi KBBQ Restaurant.txt */ = {isa = PBXFileReference; fileEncoding = 4; lastKnownFileType = text; path = "Soowon Galbi KBBQ Restaurant.txt"; sourceTree = "<group>"; };
		0C868A6E183E401500D54896 /* MapKit.framework */ = {isa = PBXFileReference; lastKnownFileType = wrapper.framework; name = MapKit.framework; path = System/Library/Frameworks/MapKit.framework; sourceTree = SDKROOT; };
		0C868A70183E40ED00D54896 /* myAnnotation.h */ = {isa = PBXFileReference; fileEncoding = 4; lastKnownFileType = sourcecode.c.h; path = myAnnotation.h; sourceTree = "<group>"; };
		0C868A71183E40ED00D54896 /* myAnnotation.m */ = {isa = PBXFileReference; fileEncoding = 4; lastKnownFileType = sourcecode.c.objc; path = myAnnotation.m; sourceTree = "<group>"; };
		0C868A73183E460000D54896 /* dishesViewController.h */ = {isa = PBXFileReference; fileEncoding = 4; lastKnownFileType = sourcecode.c.h; path = dishesViewController.h; sourceTree = "<group>"; };
		0C868A74183E460000D54896 /* dishesViewController.m */ = {isa = PBXFileReference; fileEncoding = 4; lastKnownFileType = sourcecode.c.objc; path = dishesViewController.m; sourceTree = "<group>"; };
		5A10021C183B022200EF907E /* FigueroaPhillyCheese.jpg */ = {isa = PBXFileReference; lastKnownFileType = image.jpeg; path = FigueroaPhillyCheese.jpg; sourceTree = "<group>"; };
		5A1101D0183D8CE100E8D803 /* 1StarSmall.png */ = {isa = PBXFileReference; lastKnownFileType = image.png; path = 1StarSmall.png; sourceTree = "<group>"; };
		5A1101D1183D8CE100E8D803 /* 2StarsSmall.png */ = {isa = PBXFileReference; lastKnownFileType = image.png; path = 2StarsSmall.png; sourceTree = "<group>"; };
		5A1101D2183D8CE100E8D803 /* 3StarsSmall.png */ = {isa = PBXFileReference; lastKnownFileType = image.png; path = 3StarsSmall.png; sourceTree = "<group>"; };
		5A1101D3183D8CE100E8D803 /* 4StarsSmall.png */ = {isa = PBXFileReference; lastKnownFileType = image.png; path = 4StarsSmall.png; sourceTree = "<group>"; };
		5A1101D4183D8CE100E8D803 /* 5StarsSmall.png */ = {isa = PBXFileReference; lastKnownFileType = image.png; path = 5StarsSmall.png; sourceTree = "<group>"; };
		5A12914C181F280800B0D258 /* iFlavor.app */ = {isa = PBXFileReference; explicitFileType = wrapper.application; includeInIndex = 0; path = iFlavor.app; sourceTree = BUILT_PRODUCTS_DIR; };
		5A12914F181F280800B0D258 /* Foundation.framework */ = {isa = PBXFileReference; lastKnownFileType = wrapper.framework; name = Foundation.framework; path = System/Library/Frameworks/Foundation.framework; sourceTree = SDKROOT; };
		5A129151181F280800B0D258 /* CoreGraphics.framework */ = {isa = PBXFileReference; lastKnownFileType = wrapper.framework; name = CoreGraphics.framework; path = System/Library/Frameworks/CoreGraphics.framework; sourceTree = SDKROOT; };
		5A129153181F280800B0D258 /* UIKit.framework */ = {isa = PBXFileReference; lastKnownFileType = wrapper.framework; name = UIKit.framework; path = System/Library/Frameworks/UIKit.framework; sourceTree = SDKROOT; };
		5A129157181F280800B0D258 /* iFlavor-Info.plist */ = {isa = PBXFileReference; lastKnownFileType = text.plist.xml; path = "iFlavor-Info.plist"; sourceTree = "<group>"; };
		5A129159181F280800B0D258 /* en */ = {isa = PBXFileReference; lastKnownFileType = text.plist.strings; name = en; path = en.lproj/InfoPlist.strings; sourceTree = "<group>"; };
		5A12915B181F280800B0D258 /* main.m */ = {isa = PBXFileReference; lastKnownFileType = sourcecode.c.objc; path = main.m; sourceTree = "<group>"; };
		5A12915D181F280800B0D258 /* iFlavor-Prefix.pch */ = {isa = PBXFileReference; lastKnownFileType = sourcecode.c.h; path = "iFlavor-Prefix.pch"; sourceTree = "<group>"; };
		5A12915E181F280800B0D258 /* AppDelegate.h */ = {isa = PBXFileReference; lastKnownFileType = sourcecode.c.h; path = AppDelegate.h; sourceTree = "<group>"; };
		5A12915F181F280800B0D258 /* AppDelegate.m */ = {isa = PBXFileReference; lastKnownFileType = sourcecode.c.objc; path = AppDelegate.m; sourceTree = "<group>"; };
		5A129164181F280800B0D258 /* ViewController.h */ = {isa = PBXFileReference; lastKnownFileType = sourcecode.c.h; path = ViewController.h; sourceTree = "<group>"; };
		5A129165181F280800B0D258 /* ViewController.m */ = {isa = PBXFileReference; lastKnownFileType = sourcecode.c.objc; path = ViewController.m; sourceTree = "<group>"; };
		5A129167181F280800B0D258 /* Images.xcassets */ = {isa = PBXFileReference; lastKnownFileType = folder.assetcatalog; path = Images.xcassets; sourceTree = "<group>"; };
		5A12916D181F280800B0D258 /* iFlavorTests.xctest */ = {isa = PBXFileReference; explicitFileType = wrapper.cfbundle; includeInIndex = 0; path = iFlavorTests.xctest; sourceTree = BUILT_PRODUCTS_DIR; };
		5A12916E181F280800B0D258 /* XCTest.framework */ = {isa = PBXFileReference; lastKnownFileType = wrapper.framework; name = XCTest.framework; path = Library/Frameworks/XCTest.framework; sourceTree = DEVELOPER_DIR; };
		5A129176181F280800B0D258 /* iFlavorTests-Info.plist */ = {isa = PBXFileReference; lastKnownFileType = text.plist.xml; path = "iFlavorTests-Info.plist"; sourceTree = "<group>"; };
		5A129178181F280800B0D258 /* en */ = {isa = PBXFileReference; lastKnownFileType = text.plist.strings; name = en; path = en.lproj/InfoPlist.strings; sourceTree = "<group>"; };
		5A12917A181F280800B0D258 /* iFlavorTests.m */ = {isa = PBXFileReference; lastKnownFileType = sourcecode.c.objc; path = iFlavorTests.m; sourceTree = "<group>"; };
		5A129184181F326800B0D258 /* AreaFood.plist */ = {isa = PBXFileReference; fileEncoding = 4; lastKnownFileType = text.plist.xml; path = AreaFood.plist; sourceTree = "<group>"; };
		5A129186181F332800B0D258 /* FlavorFood.plist */ = {isa = PBXFileReference; fileEncoding = 4; lastKnownFileType = text.plist.xml; path = FlavorFood.plist; sourceTree = "<group>"; };
		5A208BBC1820207F0013CB88 /* Flavor.plist */ = {isa = PBXFileReference; fileEncoding = 4; lastKnownFileType = text.plist.xml; path = Flavor.plist; sourceTree = "<group>"; };
		5A208BBE1820211D0013CB88 /* RegisterViewController.h */ = {isa = PBXFileReference; fileEncoding = 4; lastKnownFileType = sourcecode.c.h; path = RegisterViewController.h; sourceTree = "<group>"; };
		5A208BBF1820211D0013CB88 /* RegisterViewController.m */ = {isa = PBXFileReference; fileEncoding = 4; lastKnownFileType = sourcecode.c.objc; path = RegisterViewController.m; sourceTree = "<group>"; };
		5A208BC1182034950013CB88 /* TableViewController.h */ = {isa = PBXFileReference; fileEncoding = 4; lastKnownFileType = sourcecode.c.h; path = TableViewController.h; sourceTree = "<group>"; };
		5A208BC2182034950013CB88 /* TableViewController.m */ = {isa = PBXFileReference; fileEncoding = 4; lastKnownFileType = sourcecode.c.objc; path = TableViewController.m; sourceTree = "<group>"; };
		5A2CEC57183CA73600D1B919 /* MeSegmentControl.h */ = {isa = PBXFileReference; fileEncoding = 4; lastKnownFileType = sourcecode.c.h; path = MeSegmentControl.h; sourceTree = "<group>"; };
		5A2CEC58183CA73600D1B919 /* MeSegmentControl.m */ = {isa = PBXFileReference; fileEncoding = 4; lastKnownFileType = sourcecode.c.objc; path = MeSegmentControl.m; sourceTree = "<group>"; };
		5A397AC71839873D001C3454 /* MeViewController.h */ = {isa = PBXFileReference; fileEncoding = 4; lastKnownFileType = sourcecode.c.h; path = MeViewController.h; sourceTree = "<group>"; };
		5A397AC81839873D001C3454 /* MeViewController.m */ = {isa = PBXFileReference; fileEncoding = 4; lastKnownFileType = sourcecode.c.objc; path = MeViewController.m; sourceTree = "<group>"; };
		5A397ACA18398BDC001C3454 /* MeCover.jpg */ = {isa = PBXFileReference; lastKnownFileType = image.jpeg; path = MeCover.jpg; sourceTree = "<group>"; };
		5A397ACC1839A824001C3454 /* MeCell.h */ = {isa = PBXFileReference; fileEncoding = 4; lastKnownFileType = sourcecode.c.h; path = MeCell.h; sourceTree = "<group>"; };
		5A397ACD1839A824001C3454 /* MeCell.m */ = {isa = PBXFileReference; fileEncoding = 4; lastKnownFileType = sourcecode.c.objc; path = MeCell.m; sourceTree = "<group>"; };
		5A4217BA1822F27C00A0088E /* HomeViewController.h */ = {isa = PBXFileReference; fileEncoding = 4; lastKnownFileType = sourcecode.c.h; path = HomeViewController.h; sourceTree = "<group>"; };
		5A4217BB1822F27C00A0088E /* HomeViewController.m */ = {isa = PBXFileReference; fileEncoding = 4; lastKnownFileType = sourcecode.c.objc; path = HomeViewController.m; sourceTree = "<group>"; };
		5A4217BD18233A0D00A0088E /* SettingViewController.h */ = {isa = PBXFileReference; fileEncoding = 4; lastKnownFileType = sourcecode.c.h; path = SettingViewController.h; sourceTree = "<group>"; };
		5A4217BE18233A0D00A0088E /* SettingViewController.m */ = {isa = PBXFileReference; fileEncoding = 4; lastKnownFileType = sourcecode.c.objc; path = SettingViewController.m; sourceTree = "<group>"; };
		5A4217C118233A9800A0088E /* Base */ = {isa = PBXFileReference; lastKnownFileType = file.storyboard; name = Base; path = Base.lproj/Main.storyboard; sourceTree = "<group>"; };
		5A4217C31823691300A0088E /* Setting.h */ = {isa = PBXFileReference; fileEncoding = 4; lastKnownFileType = sourcecode.c.h; path = Setting.h; sourceTree = "<group>"; };
		5A4217C41823691300A0088E /* Setting.m */ = {isa = PBXFileReference; fileEncoding = 4; lastKnownFileType = sourcecode.c.objc; path = Setting.m; sourceTree = "<group>"; };
		5A7808B71839BA6F00A26176 /* SearchViewController.h */ = {isa = PBXFileReference; fileEncoding = 4; lastKnownFileType = sourcecode.c.h; path = SearchViewController.h; sourceTree = "<group>"; };
		5A7808B81839BA6F00A26176 /* SearchViewController.m */ = {isa = PBXFileReference; fileEncoding = 4; lastKnownFileType = sourcecode.c.objc; path = SearchViewController.m; sourceTree = "<group>"; };
		5A826D33183C03920073EB9D /* Dino'sChickenandBurgers.jpg */ = {isa = PBXFileReference; lastKnownFileType = image.jpeg; path = "Dino'sChickenandBurgers.jpg"; sourceTree = "<group>"; };
		5A826D35183C03E40073EB9D /* SoowonGalbiKBBQRestaurant.jpg */ = {isa = PBXFileReference; lastKnownFileType = image.jpeg; path = SoowonGalbiKBBQRestaurant.jpg; sourceTree = "<group>"; };
		5A82FAFC1830B7090044525B /* HomeCell.h */ = {isa = PBXFileReference; fileEncoding = 4; lastKnownFileType = sourcecode.c.h; path = HomeCell.h; sourceTree = "<group>"; };
		5A82FAFD1830B7090044525B /* HomeCell.m */ = {isa = PBXFileReference; fileEncoding = 4; lastKnownFileType = sourcecode.c.objc; path = HomeCell.m; sourceTree = "<group>"; };
/* End PBXFileReference section */

/* Begin PBXFrameworksBuildPhase section */
		5A129149181F280800B0D258 /* Frameworks */ = {
			isa = PBXFrameworksBuildPhase;
			buildActionMask = 2147483647;
			files = (
				0C868A6F183E401500D54896 /* MapKit.framework in Frameworks */,
				5A129152181F280800B0D258 /* CoreGraphics.framework in Frameworks */,
				5A129154181F280800B0D258 /* UIKit.framework in Frameworks */,
				5A129150181F280800B0D258 /* Foundation.framework in Frameworks */,
			);
			runOnlyForDeploymentPostprocessing = 0;
		};
		5A12916A181F280800B0D258 /* Frameworks */ = {
			isa = PBXFrameworksBuildPhase;
			buildActionMask = 2147483647;
			files = (
				5A12916F181F280800B0D258 /* XCTest.framework in Frameworks */,
				5A129171181F280800B0D258 /* UIKit.framework in Frameworks */,
				5A129170181F280800B0D258 /* Foundation.framework in Frameworks */,
			);
			runOnlyForDeploymentPostprocessing = 0;
		};
/* End PBXFrameworksBuildPhase section */

/* Begin PBXGroup section */
		0C868A38183E3ED300D54896 /* 588 */ = {
			isa = PBXGroup;
			children = (
				0C868A39183E3ED300D54896 /* Dino's Chicken and Burgers */,
				0C868A42183E3ED300D54896 /* Figueroa Philly Cheese Steak */,
				0C868A4E183E3ED300D54896 /* Soowon Galbi KBBQ Restaurant */,
			);
			path = 588;
			sourceTree = "<group>";
		};
		0C868A39183E3ED300D54896 /* Dino's Chicken and Burgers */ = {
			isa = PBXGroup;
			children = (
				0C868A3A183E3ED300D54896 /* d1.jpg */,
				0C868A3B183E3ED300D54896 /* d2.jpg */,
				0C868A3C183E3ED300D54896 /* d3.jpg */,
				0C868A3D183E3ED300D54896 /* d4.jpg */,
				0C868A3E183E3ED300D54896 /* d5.jpg */,
				0C868A3F183E3ED300D54896 /* d6.jpg */,
				0C868A40183E3ED300D54896 /* d7.jpg */,
				0C868A41183E3ED300D54896 /* Dino's Chicken and Burgers.txt */,
			);
			path = "Dino's Chicken and Burgers";
			sourceTree = "<group>";
		};
		0C868A42183E3ED300D54896 /* Figueroa Philly Cheese Steak */ = {
			isa = PBXGroup;
			children = (
				0C868A43183E3ED300D54896 /* f1.jpg */,
				0C868A44183E3ED300D54896 /* f2.jpg */,
				0C868A45183E3ED300D54896 /* f3.jpg */,
				0C868A46183E3ED300D54896 /* f4.jpg */,
				0C868A47183E3ED300D54896 /* f5.jpg */,
				0C868A48183E3ED300D54896 /* Figueroa Philly Cheese.txt */,
				0C868A49183E3ED300D54896 /* ms.jpg */,
				0C868A4A183E3ED300D54896 /* 傲游截图20131118164549.png */,
				0C868A4B183E3ED300D54896 /* 傲游截图20131118164613.png */,
				0C868A4C183E3ED300D54896 /* 傲游截图20131118164628.png */,
				0C868A4D183E3ED300D54896 /* 傲游截图20131118164702.png */,
			);
			path = "Figueroa Philly Cheese Steak";
			sourceTree = "<group>";
		};
		0C868A4E183E3ED300D54896 /* Soowon Galbi KBBQ Restaurant */ = {
			isa = PBXGroup;
			children = (
				0C868A4F183E3ED300D54896 /* s1.jpg */,
				0C868A50183E3ED300D54896 /* s2.jpg */,
				0C868A51183E3ED300D54896 /* s3.jpg */,
				0C868A52183E3ED300D54896 /* s4.jpg */,
				0C868A53183E3ED300D54896 /* s5.jpg */,
				0C868A54183E3ED300D54896 /* Soowon Galbi KBBQ Restaurant.txt */,
			);
			path = "Soowon Galbi KBBQ Restaurant";
			sourceTree = "<group>";
		};
		5A129143181F280700B0D258 = {
			isa = PBXGroup;
			children = (
				5A129155181F280800B0D258 /* iFlavor */,
				5A129174181F280800B0D258 /* iFlavorTests */,
				5A12914E181F280800B0D258 /* Frameworks */,
				5A12914D181F280800B0D258 /* Products */,
			);
			sourceTree = "<group>";
		};
		5A12914D181F280800B0D258 /* Products */ = {
			isa = PBXGroup;
			children = (
				5A12914C181F280800B0D258 /* iFlavor.app */,
				5A12916D181F280800B0D258 /* iFlavorTests.xctest */,
			);
			name = Products;
			sourceTree = "<group>";
		};
		5A12914E181F280800B0D258 /* Frameworks */ = {
			isa = PBXGroup;
			children = (
				0C868A6E183E401500D54896 /* MapKit.framework */,
				5A12914F181F280800B0D258 /* Foundation.framework */,
				5A129151181F280800B0D258 /* CoreGraphics.framework */,
				5A129153181F280800B0D258 /* UIKit.framework */,
				5A12916E181F280800B0D258 /* XCTest.framework */,
			);
			name = Frameworks;
			sourceTree = "<group>";
		};
		5A129155181F280800B0D258 /* iFlavor */ = {
			isa = PBXGroup;
			children = (
				5A4217C31823691300A0088E /* Setting.h */,
				5A4217C41823691300A0088E /* Setting.m */,
				5A12915E181F280800B0D258 /* AppDelegate.h */,
				5A12915F181F280800B0D258 /* AppDelegate.m */,
				5A4217C018233A9800A0088E /* Main.storyboard */,
				0C868A73183E460000D54896 /* dishesViewController.h */,
				0C868A74183E460000D54896 /* dishesViewController.m */,
				0C868A35183E3DC000D54896 /* RestaurantViewController.h */,
				0C868A36183E3DC000D54896 /* RestaurantViewController.m */,
				0C868A70183E40ED00D54896 /* myAnnotation.h */,
				0C868A71183E40ED00D54896 /* myAnnotation.m */,
				5A129164181F280800B0D258 /* ViewController.h */,
				5A129165181F280800B0D258 /* ViewController.m */,
				5A208BBE1820211D0013CB88 /* RegisterViewController.h */,
				5A208BBF1820211D0013CB88 /* RegisterViewController.m */,
				5A208BC1182034950013CB88 /* TableViewController.h */,
				5A208BC2182034950013CB88 /* TableViewController.m */,
				5A397AC71839873D001C3454 /* MeViewController.h */,
				5A397AC81839873D001C3454 /* MeViewController.m */,
				5A4217BA1822F27C00A0088E /* HomeViewController.h */,
				5A4217BB1822F27C00A0088E /* HomeViewController.m */,
				5A2CEC57183CA73600D1B919 /* MeSegmentControl.h */,
				5A2CEC58183CA73600D1B919 /* MeSegmentControl.m */,
				5A397ACC1839A824001C3454 /* MeCell.h */,
				5A397ACD1839A824001C3454 /* MeCell.m */,
				5A82FAFC1830B7090044525B /* HomeCell.h */,
				5A82FAFD1830B7090044525B /* HomeCell.m */,
				5A4217BD18233A0D00A0088E /* SettingViewController.h */,
				5A4217BE18233A0D00A0088E /* SettingViewController.m */,
				5A7808B71839BA6F00A26176 /* SearchViewController.h */,
				5A7808B81839BA6F00A26176 /* SearchViewController.m */,
				5A129167181F280800B0D258 /* Images.xcassets */,
				5A129156181F280800B0D258 /* Supporting Files */,
			);
			path = iFlavor;
			sourceTree = "<group>";
		};
		5A129156181F280800B0D258 /* Supporting Files */ = {
			isa = PBXGroup;
			children = (
				0C868A38183E3ED300D54896 /* 588 */,
				5A1101D0183D8CE100E8D803 /* 1StarSmall.png */,
				5A1101D1183D8CE100E8D803 /* 2StarsSmall.png */,
				5A1101D2183D8CE100E8D803 /* 3StarsSmall.png */,
				5A1101D3183D8CE100E8D803 /* 4StarsSmall.png */,
				5A1101D4183D8CE100E8D803 /* 5StarsSmall.png */,
				5A826D35183C03E40073EB9D /* SoowonGalbiKBBQRestaurant.jpg */,
				5A826D33183C03920073EB9D /* Dino'sChickenandBurgers.jpg */,
				5A10021C183B022200EF907E /* FigueroaPhillyCheese.jpg */,
				5A129157181F280800B0D258 /* iFlavor-Info.plist */,
				5A397ACA18398BDC001C3454 /* MeCover.jpg */,
				5A129158181F280800B0D258 /* InfoPlist.strings */,
				5A12915B181F280800B0D258 /* main.m */,
				5A12915D181F280800B0D258 /* iFlavor-Prefix.pch */,
				5A129184181F326800B0D258 /* AreaFood.plist */,
				5A129186181F332800B0D258 /* FlavorFood.plist */,
				5A208BBC1820207F0013CB88 /* Flavor.plist */,
			);
			name = "Supporting Files";
			sourceTree = "<group>";
		};
		5A129174181F280800B0D258 /* iFlavorTests */ = {
			isa = PBXGroup;
			children = (
				5A12917A181F280800B0D258 /* iFlavorTests.m */,
				5A129175181F280800B0D258 /* Supporting Files */,
			);
			path = iFlavorTests;
			sourceTree = "<group>";
		};
		5A129175181F280800B0D258 /* Supporting Files */ = {
			isa = PBXGroup;
			children = (
				5A129176181F280800B0D258 /* iFlavorTests-Info.plist */,
				5A129177181F280800B0D258 /* InfoPlist.strings */,
			);
			name = "Supporting Files";
			sourceTree = "<group>";
		};
/* End PBXGroup section */

/* Begin PBXNativeTarget section */
		5A12914B181F280800B0D258 /* iFlavor */ = {
			isa = PBXNativeTarget;
			buildConfigurationList = 5A12917E181F280800B0D258 /* Build configuration list for PBXNativeTarget "iFlavor" */;
			buildPhases = (
				5A129148181F280800B0D258 /* Sources */,
				5A129149181F280800B0D258 /* Frameworks */,
				5A12914A181F280800B0D258 /* Resources */,
			);
			buildRules = (
			);
			dependencies = (
			);
			name = iFlavor;
			productName = iFlavor;
			productReference = 5A12914C181F280800B0D258 /* iFlavor.app */;
			productType = "com.apple.product-type.application";
		};
		5A12916C181F280800B0D258 /* iFlavorTests */ = {
			isa = PBXNativeTarget;
			buildConfigurationList = 5A129181181F280800B0D258 /* Build configuration list for PBXNativeTarget "iFlavorTests" */;
			buildPhases = (
				5A129169181F280800B0D258 /* Sources */,
				5A12916A181F280800B0D258 /* Frameworks */,
				5A12916B181F280800B0D258 /* Resources */,
			);
			buildRules = (
			);
			dependencies = (
				5A129173181F280800B0D258 /* PBXTargetDependency */,
			);
			name = iFlavorTests;
			productName = iFlavorTests;
			productReference = 5A12916D181F280800B0D258 /* iFlavorTests.xctest */;
			productType = "com.apple.product-type.bundle.unit-test";
		};
/* End PBXNativeTarget section */

/* Begin PBXProject section */
		5A129144181F280700B0D258 /* Project object */ = {
			isa = PBXProject;
			attributes = {
				LastUpgradeCheck = 0500;
				ORGANIZATIONNAME = "Toma Ju";
				TargetAttributes = {
					5A12916C181F280800B0D258 = {
						TestTargetID = 5A12914B181F280800B0D258;
					};
				};
			};
			buildConfigurationList = 5A129147181F280700B0D258 /* Build configuration list for PBXProject "iFlavor" */;
			compatibilityVersion = "Xcode 3.2";
			developmentRegion = English;
			hasScannedForEncodings = 0;
			knownRegions = (
				en,
				Base,
			);
			mainGroup = 5A129143181F280700B0D258;
			productRefGroup = 5A12914D181F280800B0D258 /* Products */;
			projectDirPath = "";
			projectRoot = "";
			targets = (
				5A12914B181F280800B0D258 /* iFlavor */,
				5A12916C181F280800B0D258 /* iFlavorTests */,
			);
		};
/* End PBXProject section */

/* Begin PBXResourcesBuildPhase section */
		5A12914A181F280800B0D258 /* Resources */ = {
			isa = PBXResourcesBuildPhase;
			buildActionMask = 2147483647;
			files = (
				0C868A5F183E3ED300D54896 /* f3.jpg in Resources */,
				0C868A65183E3ED300D54896 /* 傲游截图20131118164613.png in Resources */,
				5A1101D8183D8CE100E8D803 /* 4StarsSmall.png in Resources */,
				5A10021D183B022200EF907E /* FigueroaPhillyCheese.jpg in Resources */,
				0C868A56183E3ED300D54896 /* d2.jpg in Resources */,
				5A397ACB18398BDC001C3454 /* MeCover.jpg in Resources */,
				0C868A58183E3ED300D54896 /* d4.jpg in Resources */,
				5A1101D6183D8CE100E8D803 /* 2StarsSmall.png in Resources */,
				0C868A67183E3ED300D54896 /* 傲游截图20131118164702.png in Resources */,
				0C868A64183E3ED300D54896 /* 傲游截图20131118164549.png in Resources */,
				5A129168181F280800B0D258 /* Images.xcassets in Resources */,
				5A1101D9183D8CE100E8D803 /* 5StarsSmall.png in Resources */,
				0C868A5B183E3ED300D54896 /* d7.jpg in Resources */,
				5A129187181F332800B0D258 /* FlavorFood.plist in Resources */,
				0C868A6D183E3ED300D54896 /* Soowon Galbi KBBQ Restaurant.txt in Resources */,
				0C868A69183E3ED300D54896 /* s2.jpg in Resources */,
				5A208BBD1820207F0013CB88 /* Flavor.plist in Resources */,
				0C868A59183E3ED300D54896 /* d5.jpg in Resources */,
				5A1101D7183D8CE100E8D803 /* 3StarsSmall.png in Resources */,
				5A1101D5183D8CE100E8D803 /* 1StarSmall.png in Resources */,
				0C868A63183E3ED300D54896 /* ms.jpg in Resources */,
				0C868A55183E3ED300D54896 /* d1.jpg in Resources */,
				5A4217C218233A9800A0088E /* Main.storyboard in Resources */,
				0C868A6B183E3ED300D54896 /* s4.jpg in Resources */,
				5A129185181F326800B0D258 /* AreaFood.plist in Resources */,
				0C868A5A183E3ED300D54896 /* d6.jpg in Resources */,
				0C868A5C183E3ED300D54896 /* Dino's Chicken and Burgers.txt in Resources */,
				0C868A6C183E3ED300D54896 /* s5.jpg in Resources */,
				5A12915A181F280800B0D258 /* InfoPlist.strings in Resources */,
				0C868A5E183E3ED300D54896 /* f2.jpg in Resources */,
				0C868A5D183E3ED300D54896 /* f1.jpg in Resources */,
				0C868A60183E3ED300D54896 /* f4.jpg in Resources */,
				0C868A61183E3ED300D54896 /* f5.jpg in Resources */,
				5A826D34183C03920073EB9D /* Dino'sChickenandBurgers.jpg in Resources */,
				0C868A68183E3ED300D54896 /* s1.jpg in Resources */,
				0C868A66183E3ED300D54896 /* 傲游截图20131118164628.png in Resources */,
				0C868A57183E3ED300D54896 /* d3.jpg in Resources */,
				0C868A6A183E3ED300D54896 /* s3.jpg in Resources */,
				5A826D36183C03E40073EB9D /* SoowonGalbiKBBQRestaurant.jpg in Resources */,
				0C868A62183E3ED300D54896 /* Figueroa Philly Cheese.txt in Resources */,
			);
			runOnlyForDeploymentPostprocessing = 0;
		};
		5A12916B181F280800B0D258 /* Resources */ = {
			isa = PBXResourcesBuildPhase;
			buildActionMask = 2147483647;
			files = (
				5A129179181F280800B0D258 /* InfoPlist.strings in Resources */,
			);
			runOnlyForDeploymentPostprocessing = 0;
		};
/* End PBXResourcesBuildPhase section */

/* Begin PBXSourcesBuildPhase section */
		5A129148181F280800B0D258 /* Sources */ = {
			isa = PBXSourcesBuildPhase;
			buildActionMask = 2147483647;
			files = (
				0C868A75183E460000D54896 /* dishesViewController.m in Sources */,
				5A2CEC59183CA73600D1B919 /* MeSegmentControl.m in Sources */,
				0C868A72183E40ED00D54896 /* myAnnotation.m in Sources */,
				5A397ACE1839A824001C3454 /* MeCell.m in Sources */,
				5A129166181F280800B0D258 /* ViewController.m in Sources */,
				5A129160181F280800B0D258 /* AppDelegate.m in Sources */,
				5A4217C51823691300A0088E /* Setting.m in Sources */,
				0C868A37183E3DC000D54896 /* RestaurantViewController.m in Sources */,
				5A82FAFE1830B7090044525B /* HomeCell.m in Sources */,
				5A397AC91839873D001C3454 /* MeViewController.m in Sources */,
				5A12915C181F280800B0D258 /* main.m in Sources */,
				5A4217BF18233A0D00A0088E /* SettingViewController.m in Sources */,
				5A208BC3182034950013CB88 /* TableViewController.m in Sources */,
				5A208BC01820211D0013CB88 /* RegisterViewController.m in Sources */,
				5A7808B91839BA6F00A26176 /* SearchViewController.m in Sources */,
				5A4217BC1822F27C00A0088E /* HomeViewController.m in Sources */,
			);
			runOnlyForDeploymentPostprocessing = 0;
		};
		5A129169181F280800B0D258 /* Sources */ = {
			isa = PBXSourcesBuildPhase;
			buildActionMask = 2147483647;
			files = (
				5A12917B181F280800B0D258 /* iFlavorTests.m in Sources */,
			);
			runOnlyForDeploymentPostprocessing = 0;
		};
/* End PBXSourcesBuildPhase section */

/* Begin PBXTargetDependency section */
		5A129173181F280800B0D258 /* PBXTargetDependency */ = {
			isa = PBXTargetDependency;
			target = 5A12914B181F280800B0D258 /* iFlavor */;
			targetProxy = 5A129172181F280800B0D258 /* PBXContainerItemProxy */;
		};
/* End PBXTargetDependency section */

/* Begin PBXVariantGroup section */
		5A129158181F280800B0D258 /* InfoPlist.strings */ = {
			isa = PBXVariantGroup;
			children = (
				5A129159181F280800B0D258 /* en */,
			);
			name = InfoPlist.strings;
			sourceTree = "<group>";
		};
		5A129177181F280800B0D258 /* InfoPlist.strings */ = {
			isa = PBXVariantGroup;
			children = (
				5A129178181F280800B0D258 /* en */,
			);
			name = InfoPlist.strings;
			sourceTree = "<group>";
		};
		5A4217C018233A9800A0088E /* Main.storyboard */ = {
			isa = PBXVariantGroup;
			children = (
				5A4217C118233A9800A0088E /* Base */,
			);
			name = Main.storyboard;
			sourceTree = "<group>";
		};
/* End PBXVariantGroup section */

/* Begin XCBuildConfiguration section */
		5A12917C181F280800B0D258 /* Debug */ = {
			isa = XCBuildConfiguration;
			buildSettings = {
				ALWAYS_SEARCH_USER_PATHS = NO;
				ARCHS = "$(ARCHS_STANDARD_INCLUDING_64_BIT)";
				CLANG_CXX_LANGUAGE_STANDARD = "gnu++0x";
				CLANG_CXX_LIBRARY = "libc++";
				CLANG_ENABLE_MODULES = YES;
				CLANG_ENABLE_OBJC_ARC = YES;
				CLANG_WARN_BOOL_CONVERSION = YES;
				CLANG_WARN_CONSTANT_CONVERSION = YES;
				CLANG_WARN_DIRECT_OBJC_ISA_USAGE = YES_ERROR;
				CLANG_WARN_EMPTY_BODY = YES;
				CLANG_WARN_ENUM_CONVERSION = YES;
				CLANG_WARN_INT_CONVERSION = YES;
				CLANG_WARN_OBJC_ROOT_CLASS = YES_ERROR;
				CLANG_WARN__DUPLICATE_METHOD_MATCH = YES;
				"CODE_SIGN_IDENTITY[sdk=iphoneos*]" = "iPhone Developer";
				COPY_PHASE_STRIP = NO;
				GCC_C_LANGUAGE_STANDARD = gnu99;
				GCC_DYNAMIC_NO_PIC = NO;
				GCC_OPTIMIZATION_LEVEL = 0;
				GCC_PREPROCESSOR_DEFINITIONS = (
					"DEBUG=1",
					"$(inherited)",
				);
				GCC_SYMBOLS_PRIVATE_EXTERN = NO;
				GCC_WARN_64_TO_32_BIT_CONVERSION = YES;
				GCC_WARN_ABOUT_RETURN_TYPE = YES_ERROR;
				GCC_WARN_UNDECLARED_SELECTOR = YES;
				GCC_WARN_UNINITIALIZED_AUTOS = YES;
				GCC_WARN_UNUSED_FUNCTION = YES;
				GCC_WARN_UNUSED_VARIABLE = YES;
				IPHONEOS_DEPLOYMENT_TARGET = 7.0;
				ONLY_ACTIVE_ARCH = YES;
				SDKROOT = iphoneos;
			};
			name = Debug;
		};
		5A12917D181F280800B0D258 /* Release */ = {
			isa = XCBuildConfiguration;
			buildSettings = {
				ALWAYS_SEARCH_USER_PATHS = NO;
				ARCHS = "$(ARCHS_STANDARD_INCLUDING_64_BIT)";
				CLANG_CXX_LANGUAGE_STANDARD = "gnu++0x";
				CLANG_CXX_LIBRARY = "libc++";
				CLANG_ENABLE_MODULES = YES;
				CLANG_ENABLE_OBJC_ARC = YES;
				CLANG_WARN_BOOL_CONVERSION = YES;
				CLANG_WARN_CONSTANT_CONVERSION = YES;
				CLANG_WARN_DIRECT_OBJC_ISA_USAGE = YES_ERROR;
				CLANG_WARN_EMPTY_BODY = YES;
				CLANG_WARN_ENUM_CONVERSION = YES;
				CLANG_WARN_INT_CONVERSION = YES;
				CLANG_WARN_OBJC_ROOT_CLASS = YES_ERROR;
				CLANG_WARN__DUPLICATE_METHOD_MATCH = YES;
				"CODE_SIGN_IDENTITY[sdk=iphoneos*]" = "iPhone Developer";
				COPY_PHASE_STRIP = YES;
				ENABLE_NS_ASSERTIONS = NO;
				GCC_C_LANGUAGE_STANDARD = gnu99;
				GCC_WARN_64_TO_32_BIT_CONVERSION = YES;
				GCC_WARN_ABOUT_RETURN_TYPE = YES_ERROR;
				GCC_WARN_UNDECLARED_SELECTOR = YES;
				GCC_WARN_UNINITIALIZED_AUTOS = YES;
				GCC_WARN_UNUSED_FUNCTION = YES;
				GCC_WARN_UNUSED_VARIABLE = YES;
				IPHONEOS_DEPLOYMENT_TARGET = 7.0;
				SDKROOT = iphoneos;
				VALIDATE_PRODUCT = YES;
			};
			name = Release;
		};
		5A12917F181F280800B0D258 /* Debug */ = {
			isa = XCBuildConfiguration;
			buildSettings = {
				ASSETCATALOG_COMPILER_APPICON_NAME = AppIcon;
				ASSETCATALOG_COMPILER_LAUNCHIMAGE_NAME = LaunchImage;
				GCC_PRECOMPILE_PREFIX_HEADER = YES;
				GCC_PREFIX_HEADER = "iFlavor/iFlavor-Prefix.pch";
				INFOPLIST_FILE = "iFlavor/iFlavor-Info.plist";
				PRODUCT_NAME = "$(TARGET_NAME)";
				WRAPPER_EXTENSION = app;
			};
			name = Debug;
		};
		5A129180181F280800B0D258 /* Release */ = {
			isa = XCBuildConfiguration;
			buildSettings = {
				ASSETCATALOG_COMPILER_APPICON_NAME = AppIcon;
				ASSETCATALOG_COMPILER_LAUNCHIMAGE_NAME = LaunchImage;
				GCC_PRECOMPILE_PREFIX_HEADER = YES;
				GCC_PREFIX_HEADER = "iFlavor/iFlavor-Prefix.pch";
				INFOPLIST_FILE = "iFlavor/iFlavor-Info.plist";
				PRODUCT_NAME = "$(TARGET_NAME)";
				WRAPPER_EXTENSION = app;
			};
			name = Release;
		};
		5A129182181F280800B0D258 /* Debug */ = {
			isa = XCBuildConfiguration;
			buildSettings = {
				ARCHS = "$(ARCHS_STANDARD_INCLUDING_64_BIT)";
				BUNDLE_LOADER = "$(BUILT_PRODUCTS_DIR)/iFlavor.app/iFlavor";
				FRAMEWORK_SEARCH_PATHS = (
					"$(SDKROOT)/Developer/Library/Frameworks",
					"$(inherited)",
					"$(DEVELOPER_FRAMEWORKS_DIR)",
				);
				GCC_PRECOMPILE_PREFIX_HEADER = YES;
				GCC_PREFIX_HEADER = "iFlavor/iFlavor-Prefix.pch";
				GCC_PREPROCESSOR_DEFINITIONS = (
					"DEBUG=1",
					"$(inherited)",
				);
				INFOPLIST_FILE = "iFlavorTests/iFlavorTests-Info.plist";
				PRODUCT_NAME = "$(TARGET_NAME)";
				TEST_HOST = "$(BUNDLE_LOADER)";
				WRAPPER_EXTENSION = xctest;
			};
			name = Debug;
		};
		5A129183181F280800B0D258 /* Release */ = {
			isa = XCBuildConfiguration;
			buildSettings = {
				ARCHS = "$(ARCHS_STANDARD_INCLUDING_64_BIT)";
				BUNDLE_LOADER = "$(BUILT_PRODUCTS_DIR)/iFlavor.app/iFlavor";
				FRAMEWORK_SEARCH_PATHS = (
					"$(SDKROOT)/Developer/Library/Frameworks",
					"$(inherited)",
					"$(DEVELOPER_FRAMEWORKS_DIR)",
				);
				GCC_PRECOMPILE_PREFIX_HEADER = YES;
				GCC_PREFIX_HEADER = "iFlavor/iFlavor-Prefix.pch";
				INFOPLIST_FILE = "iFlavorTests/iFlavorTests-Info.plist";
				PRODUCT_NAME = "$(TARGET_NAME)";
				TEST_HOST = "$(BUNDLE_LOADER)";
				WRAPPER_EXTENSION = xctest;
			};
			name = Release;
		};
/* End XCBuildConfiguration section */

/* Begin XCConfigurationList section */
		5A129147181F280700B0D258 /* Build configuration list for PBXProject "iFlavor" */ = {
			isa = XCConfigurationList;
			buildConfigurations = (
				5A12917C181F280800B0D258 /* Debug */,
				5A12917D181F280800B0D258 /* Release */,
			);
			defaultConfigurationIsVisible = 0;
			defaultConfigurationName = Release;
		};
		5A12917E181F280800B0D258 /* Build configuration list for PBXNativeTarget "iFlavor" */ = {
			isa = XCConfigurationList;
			buildConfigurations = (
				5A12917F181F280800B0D258 /* Debug */,
				5A129180181F280800B0D258 /* Release */,
			);
			defaultConfigurationIsVisible = 0;
			defaultConfigurationName = Release;
		};
		5A129181181F280800B0D258 /* Build configuration list for PBXNativeTarget "iFlavorTests" */ = {
			isa = XCConfigurationList;
			buildConfigurations = (
				5A129182181F280800B0D258 /* Debug */,
				5A129183181F280800B0D258 /* Release */,
			);
			defaultConfigurationIsVisible = 0;
			defaultConfigurationName = Release;
		};
/* End XCConfigurationList section */
	};
	rootObject = 5A129144181F280700B0D258 /* Project object */;
}
